// !$*UTF8*$!
{
	archiveVersion = 1;
	classes = {
	};
	objectVersion = 50;
	objects = {

/* Begin PBXBuildFile section */
		CE0038FA22D72D41008A8E88 /* Alert.swift in Sources */ = {isa = PBXBuildFile; fileRef = CE0038F922D72D41008A8E88 /* Alert.swift */; };
		CE0038FC22D72D68008A8E88 /* Extensions.swift in Sources */ = {isa = PBXBuildFile; fileRef = CE0038FB22D72D68008A8E88 /* Extensions.swift */; };
		CE02CB5622E992D1009F7323 /* Field.swift in Sources */ = {isa = PBXBuildFile; fileRef = CE02CB5522E992D1009F7323 /* Field.swift */; };
		CE088B8322FED9120001BEE4 /* About.swift in Sources */ = {isa = PBXBuildFile; fileRef = CE088B8222FED9120001BEE4 /* About.swift */; };
		CE088B8522FEDE810001BEE4 /* Privacy.swift in Sources */ = {isa = PBXBuildFile; fileRef = CE088B8422FEDE810001BEE4 /* Privacy.swift */; };
		CE0BA3242302CBEC004E6660 /* Main.swift in Sources */ = {isa = PBXBuildFile; fileRef = CE0BA3232302CBEC004E6660 /* Main.swift */; };
		CE0FE65023053F340058386B /* World.swift in Sources */ = {isa = PBXBuildFile; fileRef = CE0FE64F23053F340058386B /* World.swift */; };
		CE0FE652230555D40058386B /* New.swift in Sources */ = {isa = PBXBuildFile; fileRef = CE0FE651230555D40058386B /* New.swift */; };
		CE0FE65423056F490058386B /* Scroll.swift in Sources */ = {isa = PBXBuildFile; fileRef = CE0FE65323056F490058386B /* Scroll.swift */; };
		CE0FE656230571D70058386B /* Field.swift in Sources */ = {isa = PBXBuildFile; fileRef = CE0FE655230571D70058386B /* Field.swift */; };
		CE18343E23080B260046E496 /* Create.swift in Sources */ = {isa = PBXBuildFile; fileRef = CE18343D23080B260046E496 /* Create.swift */; };
		CE25B85F231A830B007538E2 /* Settings.swift in Sources */ = {isa = PBXBuildFile; fileRef = CE25B85E231A830B007538E2 /* Settings.swift */; };
		CE26CE0522F4679C0007441D /* Mark.swift in Sources */ = {isa = PBXBuildFile; fileRef = CE7EACE422E1E1620082D91C /* Mark.swift */; };
		CE26CE0622F4679C0007441D /* Line.swift in Sources */ = {isa = PBXBuildFile; fileRef = CE26CDF822F4039F0007441D /* Line.swift */; };
		CE26CE0722F467A40007441D /* Mark.swift in Sources */ = {isa = PBXBuildFile; fileRef = CE7EACE422E1E1620082D91C /* Mark.swift */; };
		CE26CE0822F467AA0007441D /* Line.swift in Sources */ = {isa = PBXBuildFile; fileRef = CE26CDF822F4039F0007441D /* Line.swift */; };
		CE2A863D22F7F7C000AC8190 /* Argonaut.swift in Sources */ = {isa = PBXBuildFile; fileRef = CE2A863C22F7F7C000AC8190 /* Argonaut.swift */; };
		CE2A863E22F7F7C000AC8190 /* Argonaut.swift in Sources */ = {isa = PBXBuildFile; fileRef = CE2A863C22F7F7C000AC8190 /* Argonaut.swift */; };
		CE2F61472312963100A01CF6 /* User.swift in Sources */ = {isa = PBXBuildFile; fileRef = CE2F61462312963100A01CF6 /* User.swift */; };
		CE3256B623029C2400D95A31 /* HelperMac.swift in Sources */ = {isa = PBXBuildFile; fileRef = CE3256B523029C2400D95A31 /* HelperMac.swift */; };
		CE3256B823029C4200D95A31 /* HelperiOS.swift in Sources */ = {isa = PBXBuildFile; fileRef = CE3256B723029C4200D95A31 /* HelperiOS.swift */; };
		CE354514232D11B90022800F /* Bar.swift in Sources */ = {isa = PBXBuildFile; fileRef = CE354513232D11B90022800F /* Bar.swift */; };
		CE3978A022F5B1E60045E1D7 /* Marker.swift in Sources */ = {isa = PBXBuildFile; fileRef = CE39789F22F5B1E60045E1D7 /* Marker.swift */; };
		CE4A547C22D85E1B00125A9C /* Button.swift in Sources */ = {isa = PBXBuildFile; fileRef = CE4A547B22D85E1B00125A9C /* Button.swift */; };
		CE633A2122FD525E00846455 /* TestArgonaut.swift in Sources */ = {isa = PBXBuildFile; fileRef = CE633A2022FD525E00846455 /* TestArgonaut.swift */; };
		CE633A2322FD791C00846455 /* Load.swift in Sources */ = {isa = PBXBuildFile; fileRef = CE633A2222FD791C00846455 /* Load.swift */; };
		CE6AE1F922F6BE5C0040B205 /* Cart.swift in Sources */ = {isa = PBXBuildFile; fileRef = CE6AE1F822F6BE5C0040B205 /* Cart.swift */; };
		CE6AE1FA22F6BE5C0040B205 /* Cart.swift in Sources */ = {isa = PBXBuildFile; fileRef = CE6AE1F822F6BE5C0040B205 /* Cart.swift */; };
		CE6AE1FC22F6BEAE0040B205 /* TestCart.swift in Sources */ = {isa = PBXBuildFile; fileRef = CE6AE1FB22F6BEAE0040B205 /* TestCart.swift */; };
		CE734F7E22F1BDAF009799BE /* Path.swift in Sources */ = {isa = PBXBuildFile; fileRef = CE734F7D22F1BDAF009799BE /* Path.swift */; };
		CE734F7F22F1BDAF009799BE /* Path.swift in Sources */ = {isa = PBXBuildFile; fileRef = CE734F7D22F1BDAF009799BE /* Path.swift */; };
		CE734F8122F1BE24009799BE /* TestChunk.swift in Sources */ = {isa = PBXBuildFile; fileRef = CE734F8022F1BE24009799BE /* TestChunk.swift */; };
		CE8D430C2324FEBF00CE9B5F /* List.swift in Sources */ = {isa = PBXBuildFile; fileRef = CE8D430B2324FEBF00CE9B5F /* List.swift */; };
		CE9301DB22EF09AF00EACBD4 /* Tiler.swift in Sources */ = {isa = PBXBuildFile; fileRef = CE9301DA22EF09AF00EACBD4 /* Tiler.swift */; };
		CE9301DC22EF09AF00EACBD4 /* Tiler.swift in Sources */ = {isa = PBXBuildFile; fileRef = CE9301DA22EF09AF00EACBD4 /* Tiler.swift */; };
		CE9AEC93231B9521009596FE /* Settings.swift in Sources */ = {isa = PBXBuildFile; fileRef = CE9AEC92231B9521009596FE /* Settings.swift */; };
		CE9C6A37232E2B140020F982 /* Window.swift in Sources */ = {isa = PBXBuildFile; fileRef = CE9C6A36232E2B140020F982 /* Window.swift */; };
		CE9C6A3B232E49D30020F982 /* Bar.swift in Sources */ = {isa = PBXBuildFile; fileRef = CE9C6A3A232E49D30020F982 /* Bar.swift */; };
		CE9C6A3D232E65A90020F982 /* World.swift in Sources */ = {isa = PBXBuildFile; fileRef = CE9C6A3C232E65A90020F982 /* World.swift */; };
		CE9C6A3F232E66AF0020F982 /* New.swift in Sources */ = {isa = PBXBuildFile; fileRef = CE9C6A3E232E66AF0020F982 /* New.swift */; };
		CE9D6BB12328CD46001B4E87 /* Project.swift in Sources */ = {isa = PBXBuildFile; fileRef = CE9D6BB02328CD46001B4E87 /* Project.swift */; };
		CE9F3FEE2323D11600F221D8 /* Zoom.swift in Sources */ = {isa = PBXBuildFile; fileRef = CE9F3FED2323D11600F221D8 /* Zoom.swift */; };
		CEA0D91023002B4B001FD8B8 /* icons.icns in Resources */ = {isa = PBXBuildFile; fileRef = CEA0D90F23002B4B001FD8B8 /* icons.icns */; };
		CEAB0F0A22D742D900320F4F /* Map.swift in Sources */ = {isa = PBXBuildFile; fileRef = CEAB0F0922D742D900320F4F /* Map.swift */; };
		CEAB0F0B22D742D900320F4F /* Map.swift in Sources */ = {isa = PBXBuildFile; fileRef = CEAB0F0922D742D900320F4F /* Map.swift */; };
		CEABFA3722ED9401000ABB7E /* Extensions.swift in Sources */ = {isa = PBXBuildFile; fileRef = CEABFA3622ED9401000ABB7E /* Extensions.swift */; };
		CEABFA3822ED9401000ABB7E /* Extensions.swift in Sources */ = {isa = PBXBuildFile; fileRef = CEABFA3622ED9401000ABB7E /* Extensions.swift */; };
		CEACFC57230950A4008E76A9 /* Marker.swift in Sources */ = {isa = PBXBuildFile; fileRef = CEACFC56230950A4008E76A9 /* Marker.swift */; };
		CEBB3A6423040F7200C5F61A /* Privacy.swift in Sources */ = {isa = PBXBuildFile; fileRef = CEBB3A6323040F7200C5F61A /* Privacy.swift */; };
		CEBE55232312E8A70060B4BE /* icon_64x64.png in Resources */ = {isa = PBXBuildFile; fileRef = CEBE551F2312E8A70060B4BE /* icon_64x64.png */; };
		CEBE55242312E8A70060B4BE /* icon_44x58.png in Resources */ = {isa = PBXBuildFile; fileRef = CEBE55202312E8A70060B4BE /* icon_44x58.png */; };
		CEBE55252312E8A70060B4BE /* icon_320x320.png in Resources */ = {isa = PBXBuildFile; fileRef = CEBE55212312E8A70060B4BE /* icon_320x320.png */; };
		CEBE55262312E8A70060B4BE /* icon_22x28.png in Resources */ = {isa = PBXBuildFile; fileRef = CEBE55222312E8A70060B4BE /* icon_22x28.png */; };
		CEC2BA5C230BC26900FB4BA1 /* Gradient.swift in Sources */ = {isa = PBXBuildFile; fileRef = CEC2BA5B230BC26900FB4BA1 /* Gradient.swift */; };
		CEC5A3C722EAFD9600CE3B07 /* libArgonaut.a in Frameworks */ = {isa = PBXBuildFile; fileRef = CE58E9BD22D721C500EF2447 /* libArgonaut.a */; };
		CEC5A3C822EAFD9D00CE3B07 /* libArgonaut.a in Frameworks */ = {isa = PBXBuildFile; fileRef = CE58E9BE22D721C500EF2447 /* libArgonaut.a */; };
		CEC5A3CA22EAFE3200CE3B07 /* Factory.swift in Sources */ = {isa = PBXBuildFile; fileRef = CEC5A3C922EAFE3200CE3B07 /* Factory.swift */; };
		CEC5A3CB22EAFE3200CE3B07 /* Factory.swift in Sources */ = {isa = PBXBuildFile; fileRef = CEC5A3C922EAFE3200CE3B07 /* Factory.swift */; };
		CEC5A3CD22EAFF7900CE3B07 /* TestFactory.swift in Sources */ = {isa = PBXBuildFile; fileRef = CEC5A3CC22EAFF7900CE3B07 /* TestFactory.swift */; };
		CEC5A3CE22EAFFAB00CE3B07 /* libArgonaut.a in Frameworks */ = {isa = PBXBuildFile; fileRef = CE58E9BD22D721C500EF2447 /* libArgonaut.a */; };
		CECD5634231130490085E0C3 /* Navigate.swift in Sources */ = {isa = PBXBuildFile; fileRef = CECD5633231130490085E0C3 /* Navigate.swift */; };
		CECD5636231131AD0085E0C3 /* Load.swift in Sources */ = {isa = PBXBuildFile; fileRef = CECD5635231131AD0085E0C3 /* Load.swift */; };
		CECD6FE7232C048200656702 /* Item.swift in Sources */ = {isa = PBXBuildFile; fileRef = CECD6FE6232C048200656702 /* Item.swift */; };
		CECECD7C22F469F2006AE0C8 /* Liner.swift in Sources */ = {isa = PBXBuildFile; fileRef = CECECD7B22F469F2006AE0C8 /* Liner.swift */; };
		CECECD7D22F469F2006AE0C8 /* Liner.swift in Sources */ = {isa = PBXBuildFile; fileRef = CECECD7B22F469F2006AE0C8 /* Liner.swift */; };
		CED0E78E230E9ECA00D30D85 /* User.swift in Sources */ = {isa = PBXBuildFile; fileRef = CED0E78D230E9ECA00D30D85 /* User.swift */; };
		CEDB361E2302A4140078E521 /* Extensions.swift in Sources */ = {isa = PBXBuildFile; fileRef = CEDB361D2302A4140078E521 /* Extensions.swift */; };
		CEDB36202302A5630078E521 /* Alert.swift in Sources */ = {isa = PBXBuildFile; fileRef = CEDB361F2302A5630078E521 /* Alert.swift */; };
		CEDCC689230683C500AAF0C8 /* Button.swift in Sources */ = {isa = PBXBuildFile; fileRef = CEDCC688230683C500AAF0C8 /* Button.swift */; };
		CEDE10FD22D71F2400DD796B /* iOS.storyboard in Resources */ = {isa = PBXBuildFile; fileRef = CEDE10F922D71F2400DD796B /* iOS.storyboard */; };
		CEDE10FE22D71F2400DD796B /* App.swift in Sources */ = {isa = PBXBuildFile; fileRef = CEDE10FB22D71F2400DD796B /* App.swift */; };
		CEDE10FF22D71F2400DD796B /* iOS.xcassets in Resources */ = {isa = PBXBuildFile; fileRef = CEDE10FC22D71F2400DD796B /* iOS.xcassets */; };
		CEDE110422D71F3600DD796B /* Mac.xcassets in Resources */ = {isa = PBXBuildFile; fileRef = CEDE110122D71F3600DD796B /* Mac.xcassets */; };
		CEDE110522D71F3600DD796B /* App.swift in Sources */ = {isa = PBXBuildFile; fileRef = CEDE110322D71F3600DD796B /* App.swift */; };
		CEDE110822D71F5300DD796B /* Shared.swift in Sources */ = {isa = PBXBuildFile; fileRef = CEDE110722D71F5300DD796B /* Shared.swift */; };
		CEDE110922D71F5300DD796B /* Shared.swift in Sources */ = {isa = PBXBuildFile; fileRef = CEDE110722D71F5300DD796B /* Shared.swift */; };
		CEDE110C22D71FA300DD796B /* Session.swift in Sources */ = {isa = PBXBuildFile; fileRef = CEDE110B22D71FA300DD796B /* Session.swift */; };
		CEDE110E22D71FA300DD796B /* Session.swift in Sources */ = {isa = PBXBuildFile; fileRef = CEDE110B22D71FA300DD796B /* Session.swift */; };
		CEDE111122D71FB200DD796B /* TestSession.swift in Sources */ = {isa = PBXBuildFile; fileRef = CEDE111022D71FB200DD796B /* TestSession.swift */; };
		CEDE111322D71FD100DD796B /* Assets.xcassets in Resources */ = {isa = PBXBuildFile; fileRef = CEDE111222D71FD100DD796B /* Assets.xcassets */; };
		CEDE111422D71FD100DD796B /* Assets.xcassets in Resources */ = {isa = PBXBuildFile; fileRef = CEDE111222D71FD100DD796B /* Assets.xcassets */; };
		CEDE111722D7207800DD796B /* Localizable.strings in Resources */ = {isa = PBXBuildFile; fileRef = CEDE111522D7207800DD796B /* Localizable.strings */; };
		CEDE111822D7207800DD796B /* Localizable.strings in Resources */ = {isa = PBXBuildFile; fileRef = CEDE111522D7207800DD796B /* Localizable.strings */; };
		CEE098312302E3E200321C07 /* About.swift in Sources */ = {isa = PBXBuildFile; fileRef = CEE098302302E3E200321C07 /* About.swift */; };
		CEF5514922F2F3D900A16265 /* TestPath.swift in Sources */ = {isa = PBXBuildFile; fileRef = CEF5514822F2F3D900A16265 /* TestPath.swift */; };
		DA0FBEAD2332815000D935A9 /* List.swift in Sources */ = {isa = PBXBuildFile; fileRef = DA0FBEAC2332815000D935A9 /* List.swift */; };
		DA0FBEAF2332832400D935A9 /* Scroll.swift in Sources */ = {isa = PBXBuildFile; fileRef = DA0FBEAE2332832400D935A9 /* Scroll.swift */; };
		DA0FBEB12332875C00D935A9 /* Item.swift in Sources */ = {isa = PBXBuildFile; fileRef = DA0FBEB02332875C00D935A9 /* Item.swift */; };
		DA6718092334CB3300883FA6 /* Control.swift in Sources */ = {isa = PBXBuildFile; fileRef = DA6718082334CB3300883FA6 /* Control.swift */; };
		DA7D3D8D2338E2E60012F00B /* Navigate.swift in Sources */ = {isa = PBXBuildFile; fileRef = DA7D3D8B2338E15C0012F00B /* Navigate.swift */; };
		DA7D3D8F2338E3280012F00B /* Zoom.swift in Sources */ = {isa = PBXBuildFile; fileRef = DA7D3D8E2338E3280012F00B /* Zoom.swift */; };
		DA98EEEE2338990200062F0E /* Project.swift in Sources */ = {isa = PBXBuildFile; fileRef = DA98EEED2338990200062F0E /* Project.swift */; };
		DA9EE21D233385CD00D83514 /* Control.swift in Sources */ = {isa = PBXBuildFile; fileRef = DA9EE21C233385CD00D83514 /* Control.swift */; };
		DAB929C1233781F00090648D /* Main.swift in Sources */ = {isa = PBXBuildFile; fileRef = DAB929C0233781F00090648D /* Main.swift */; };
		DAB929C32337A7DF0090648D /* Result.swift in Sources */ = {isa = PBXBuildFile; fileRef = DAB929C22337A7DF0090648D /* Result.swift */; };
		DAB929C52337A8280090648D /* Result.swift in Sources */ = {isa = PBXBuildFile; fileRef = DAB929C42337A8280090648D /* Result.swift */; };
		DAC775652331153E00EF4724 /* Menu.swift in Sources */ = {isa = PBXBuildFile; fileRef = DAC775642331153E00EF4724 /* Menu.swift */; };
		DAE82F9C2337C53F00408392 /* Create.swift in Sources */ = {isa = PBXBuildFile; fileRef = DAE82F9B2337C53F00408392 /* Create.swift */; };
/* End PBXBuildFile section */

/* Begin PBXContainerItemProxy section */
		CEDE10C222D7176F00DD796B /* PBXContainerItemProxy */ = {
			isa = PBXContainerItemProxy;
			containerPortal = CEDE109922D714E100DD796B /* Project object */;
			proxyType = 1;
			remoteGlobalIDString = CEDE10A222D7172100DD796B;
			remoteInfo = Mac;
		};
/* End PBXContainerItemProxy section */

/* Begin PBXCopyFilesBuildPhase section */
		CEDE10AF22D7175500DD796B /* CopyFiles */ = {
			isa = PBXCopyFilesBuildPhase;
			buildActionMask = 2147483647;
			dstPath = "include/$(PRODUCT_NAME)";
			dstSubfolderSpec = 16;
			files = (
			);
			runOnlyForDeploymentPostprocessing = 0;
		};
/* End PBXCopyFilesBuildPhase section */

/* Begin PBXFileReference section */
		CE0038F922D72D41008A8E88 /* Alert.swift */ = {isa = PBXFileReference; lastKnownFileType = sourcecode.swift; path = Alert.swift; sourceTree = "<group>"; };
		CE0038FB22D72D68008A8E88 /* Extensions.swift */ = {isa = PBXFileReference; lastKnownFileType = sourcecode.swift; path = Extensions.swift; sourceTree = "<group>"; };
		CE02CB5522E992D1009F7323 /* Field.swift */ = {isa = PBXFileReference; lastKnownFileType = sourcecode.swift; path = Field.swift; sourceTree = "<group>"; };
		CE088B8222FED9120001BEE4 /* About.swift */ = {isa = PBXFileReference; lastKnownFileType = sourcecode.swift; path = About.swift; sourceTree = "<group>"; };
		CE088B8422FEDE810001BEE4 /* Privacy.swift */ = {isa = PBXFileReference; lastKnownFileType = sourcecode.swift; path = Privacy.swift; sourceTree = "<group>"; };
		CE0BA3232302CBEC004E6660 /* Main.swift */ = {isa = PBXFileReference; lastKnownFileType = sourcecode.swift; path = Main.swift; sourceTree = "<group>"; };
		CE0FE64F23053F340058386B /* World.swift */ = {isa = PBXFileReference; lastKnownFileType = sourcecode.swift; path = World.swift; sourceTree = "<group>"; };
		CE0FE651230555D40058386B /* New.swift */ = {isa = PBXFileReference; lastKnownFileType = sourcecode.swift; path = New.swift; sourceTree = "<group>"; };
		CE0FE65323056F490058386B /* Scroll.swift */ = {isa = PBXFileReference; lastKnownFileType = sourcecode.swift; path = Scroll.swift; sourceTree = "<group>"; };
		CE0FE655230571D70058386B /* Field.swift */ = {isa = PBXFileReference; lastKnownFileType = sourcecode.swift; path = Field.swift; sourceTree = "<group>"; };
		CE18343D23080B260046E496 /* Create.swift */ = {isa = PBXFileReference; lastKnownFileType = sourcecode.swift; path = Create.swift; sourceTree = "<group>"; };
		CE25B85E231A830B007538E2 /* Settings.swift */ = {isa = PBXFileReference; lastKnownFileType = sourcecode.swift; path = Settings.swift; sourceTree = "<group>"; };
		CE26CDF822F4039F0007441D /* Line.swift */ = {isa = PBXFileReference; lastKnownFileType = sourcecode.swift; path = Line.swift; sourceTree = "<group>"; };
		CE2A863C22F7F7C000AC8190 /* Argonaut.swift */ = {isa = PBXFileReference; lastKnownFileType = sourcecode.swift; path = Argonaut.swift; sourceTree = "<group>"; };
		CE2F61462312963100A01CF6 /* User.swift */ = {isa = PBXFileReference; lastKnownFileType = sourcecode.swift; path = User.swift; sourceTree = "<group>"; };
		CE3256B523029C2400D95A31 /* HelperMac.swift */ = {isa = PBXFileReference; lastKnownFileType = sourcecode.swift; path = HelperMac.swift; sourceTree = "<group>"; };
		CE3256B723029C4200D95A31 /* HelperiOS.swift */ = {isa = PBXFileReference; lastKnownFileType = sourcecode.swift; path = HelperiOS.swift; sourceTree = "<group>"; };
		CE354513232D11B90022800F /* Bar.swift */ = {isa = PBXFileReference; lastKnownFileType = sourcecode.swift; path = Bar.swift; sourceTree = "<group>"; };
		CE39789F22F5B1E60045E1D7 /* Marker.swift */ = {isa = PBXFileReference; lastKnownFileType = sourcecode.swift; path = Marker.swift; sourceTree = "<group>"; };
		CE4A547B22D85E1B00125A9C /* Button.swift */ = {isa = PBXFileReference; lastKnownFileType = sourcecode.swift; path = Button.swift; sourceTree = "<group>"; };
		CE58E9BD22D721C500EF2447 /* libArgonaut.a */ = {isa = PBXFileReference; explicitFileType = archive.ar; includeInIndex = 0; path = libArgonaut.a; sourceTree = BUILT_PRODUCTS_DIR; };
		CE58E9BE22D721C500EF2447 /* libArgonaut.a */ = {isa = PBXFileReference; explicitFileType = archive.ar; includeInIndex = 0; path = libArgonaut.a; sourceTree = BUILT_PRODUCTS_DIR; };
		CE633A2022FD525E00846455 /* TestArgonaut.swift */ = {isa = PBXFileReference; lastKnownFileType = sourcecode.swift; path = TestArgonaut.swift; sourceTree = "<group>"; };
		CE633A2222FD791C00846455 /* Load.swift */ = {isa = PBXFileReference; lastKnownFileType = sourcecode.swift; path = Load.swift; sourceTree = "<group>"; };
		CE6AE1F822F6BE5C0040B205 /* Cart.swift */ = {isa = PBXFileReference; lastKnownFileType = sourcecode.swift; path = Cart.swift; sourceTree = "<group>"; };
		CE6AE1FB22F6BEAE0040B205 /* TestCart.swift */ = {isa = PBXFileReference; lastKnownFileType = sourcecode.swift; path = TestCart.swift; sourceTree = "<group>"; };
		CE734F7D22F1BDAF009799BE /* Path.swift */ = {isa = PBXFileReference; lastKnownFileType = sourcecode.swift; path = Path.swift; sourceTree = "<group>"; };
		CE734F8022F1BE24009799BE /* TestChunk.swift */ = {isa = PBXFileReference; lastKnownFileType = sourcecode.swift; path = TestChunk.swift; sourceTree = "<group>"; };
		CE7EACE422E1E1620082D91C /* Mark.swift */ = {isa = PBXFileReference; lastKnownFileType = sourcecode.swift; path = Mark.swift; sourceTree = "<group>"; };
		CE8D430B2324FEBF00CE9B5F /* List.swift */ = {isa = PBXFileReference; lastKnownFileType = sourcecode.swift; path = List.swift; sourceTree = "<group>"; };
		CE9301DA22EF09AF00EACBD4 /* Tiler.swift */ = {isa = PBXFileReference; lastKnownFileType = sourcecode.swift; path = Tiler.swift; sourceTree = "<group>"; };
		CE9AEC92231B9521009596FE /* Settings.swift */ = {isa = PBXFileReference; lastKnownFileType = sourcecode.swift; path = Settings.swift; sourceTree = "<group>"; };
		CE9C6A36232E2B140020F982 /* Window.swift */ = {isa = PBXFileReference; lastKnownFileType = sourcecode.swift; path = Window.swift; sourceTree = "<group>"; };
		CE9C6A3A232E49D30020F982 /* Bar.swift */ = {isa = PBXFileReference; lastKnownFileType = sourcecode.swift; path = Bar.swift; sourceTree = "<group>"; };
		CE9C6A3C232E65A90020F982 /* World.swift */ = {isa = PBXFileReference; lastKnownFileType = sourcecode.swift; path = World.swift; sourceTree = "<group>"; };
		CE9C6A3E232E66AF0020F982 /* New.swift */ = {isa = PBXFileReference; lastKnownFileType = sourcecode.swift; path = New.swift; sourceTree = "<group>"; };
		CE9D6BB02328CD46001B4E87 /* Project.swift */ = {isa = PBXFileReference; lastKnownFileType = sourcecode.swift; path = Project.swift; sourceTree = "<group>"; };
		CE9F3FED2323D11600F221D8 /* Zoom.swift */ = {isa = PBXFileReference; lastKnownFileType = sourcecode.swift; path = Zoom.swift; sourceTree = "<group>"; };
		CEA0D90F23002B4B001FD8B8 /* icons.icns */ = {isa = PBXFileReference; lastKnownFileType = image.icns; path = icons.icns; sourceTree = "<group>"; };
		CEAB0F0622D7396900320F4F /* Argonaut.sketch */ = {isa = PBXFileReference; lastKnownFileType = file; path = Argonaut.sketch; sourceTree = "<group>"; };
		CEAB0F0922D742D900320F4F /* Map.swift */ = {isa = PBXFileReference; lastKnownFileType = sourcecode.swift; path = Map.swift; sourceTree = "<group>"; };
		CEABFA3622ED9401000ABB7E /* Extensions.swift */ = {isa = PBXFileReference; lastKnownFileType = sourcecode.swift; path = Extensions.swift; sourceTree = "<group>"; };
		CEACFC56230950A4008E76A9 /* Marker.swift */ = {isa = PBXFileReference; lastKnownFileType = sourcecode.swift; path = Marker.swift; sourceTree = "<group>"; };
		CEBB3A6323040F7200C5F61A /* Privacy.swift */ = {isa = PBXFileReference; lastKnownFileType = sourcecode.swift; path = Privacy.swift; sourceTree = "<group>"; };
		CEBE551F2312E8A70060B4BE /* icon_64x64.png */ = {isa = PBXFileReference; lastKnownFileType = image.png; path = icon_64x64.png; sourceTree = "<group>"; };
		CEBE55202312E8A70060B4BE /* icon_44x58.png */ = {isa = PBXFileReference; lastKnownFileType = image.png; path = icon_44x58.png; sourceTree = "<group>"; };
		CEBE55212312E8A70060B4BE /* icon_320x320.png */ = {isa = PBXFileReference; lastKnownFileType = image.png; path = icon_320x320.png; sourceTree = "<group>"; };
		CEBE55222312E8A70060B4BE /* icon_22x28.png */ = {isa = PBXFileReference; lastKnownFileType = image.png; path = icon_22x28.png; sourceTree = "<group>"; };
		CEC2BA5B230BC26900FB4BA1 /* Gradient.swift */ = {isa = PBXFileReference; lastKnownFileType = sourcecode.swift; path = Gradient.swift; sourceTree = "<group>"; };
		CEC5A3C922EAFE3200CE3B07 /* Factory.swift */ = {isa = PBXFileReference; lastKnownFileType = sourcecode.swift; path = Factory.swift; sourceTree = "<group>"; };
		CEC5A3CC22EAFF7900CE3B07 /* TestFactory.swift */ = {isa = PBXFileReference; lastKnownFileType = sourcecode.swift; path = TestFactory.swift; sourceTree = "<group>"; };
		CECD5633231130490085E0C3 /* Navigate.swift */ = {isa = PBXFileReference; lastKnownFileType = sourcecode.swift; path = Navigate.swift; sourceTree = "<group>"; };
		CECD5635231131AD0085E0C3 /* Load.swift */ = {isa = PBXFileReference; lastKnownFileType = sourcecode.swift; path = Load.swift; sourceTree = "<group>"; };
		CECD6FE6232C048200656702 /* Item.swift */ = {isa = PBXFileReference; lastKnownFileType = sourcecode.swift; path = Item.swift; sourceTree = "<group>"; };
		CECECD7B22F469F2006AE0C8 /* Liner.swift */ = {isa = PBXFileReference; lastKnownFileType = sourcecode.swift; path = Liner.swift; sourceTree = "<group>"; };
		CED0E78D230E9ECA00D30D85 /* User.swift */ = {isa = PBXFileReference; lastKnownFileType = sourcecode.swift; path = User.swift; sourceTree = "<group>"; };
		CEDB361D2302A4140078E521 /* Extensions.swift */ = {isa = PBXFileReference; lastKnownFileType = sourcecode.swift; path = Extensions.swift; sourceTree = "<group>"; };
		CEDB361F2302A5630078E521 /* Alert.swift */ = {isa = PBXFileReference; lastKnownFileType = sourcecode.swift; path = Alert.swift; sourceTree = "<group>"; };
		CEDCC688230683C500AAF0C8 /* Button.swift */ = {isa = PBXFileReference; lastKnownFileType = sourcecode.swift; path = Button.swift; sourceTree = "<group>"; };
		CEDE10F322D71C2D00DD796B /* LICENSE */ = {isa = PBXFileReference; lastKnownFileType = text; path = LICENSE; sourceTree = "<group>"; };
		CEDE10F422D71C2D00DD796B /* README.md */ = {isa = PBXFileReference; lastKnownFileType = net.daringfireball.markdown; path = README.md; sourceTree = "<group>"; };
		CEDE10F522D71C2D00DD796B /* .gitignore */ = {isa = PBXFileReference; lastKnownFileType = text; path = .gitignore; sourceTree = "<group>"; };
		CEDE10F622D71CF500DD796B /* iOS.plist */ = {isa = PBXFileReference; lastKnownFileType = text.plist.xml; path = iOS.plist; sourceTree = "<group>"; };
		CEDE10F722D71CF500DD796B /* Mac.plist */ = {isa = PBXFileReference; lastKnownFileType = text.plist.xml; path = Mac.plist; sourceTree = "<group>"; };
		CEDE10F822D71CF600DD796B /* Tests.plist */ = {isa = PBXFileReference; lastKnownFileType = text.plist.xml; path = Tests.plist; sourceTree = "<group>"; };
		CEDE10F922D71F2400DD796B /* iOS.storyboard */ = {isa = PBXFileReference; fileEncoding = 4; lastKnownFileType = file.storyboard; path = iOS.storyboard; sourceTree = "<group>"; };
		CEDE10FB22D71F2400DD796B /* App.swift */ = {isa = PBXFileReference; fileEncoding = 4; lastKnownFileType = sourcecode.swift; path = App.swift; sourceTree = "<group>"; };
		CEDE10FC22D71F2400DD796B /* iOS.xcassets */ = {isa = PBXFileReference; lastKnownFileType = folder.assetcatalog; path = iOS.xcassets; sourceTree = "<group>"; };
		CEDE110022D71F3600DD796B /* Mac.entitlements */ = {isa = PBXFileReference; fileEncoding = 4; lastKnownFileType = text.plist.entitlements; path = Mac.entitlements; sourceTree = "<group>"; };
		CEDE110122D71F3600DD796B /* Mac.xcassets */ = {isa = PBXFileReference; lastKnownFileType = folder.assetcatalog; path = Mac.xcassets; sourceTree = "<group>"; };
		CEDE110322D71F3600DD796B /* App.swift */ = {isa = PBXFileReference; fileEncoding = 4; lastKnownFileType = sourcecode.swift; path = App.swift; sourceTree = "<group>"; };
		CEDE110722D71F5300DD796B /* Shared.swift */ = {isa = PBXFileReference; fileEncoding = 4; lastKnownFileType = sourcecode.swift; path = Shared.swift; sourceTree = "<group>"; };
		CEDE110B22D71FA300DD796B /* Session.swift */ = {isa = PBXFileReference; fileEncoding = 4; lastKnownFileType = sourcecode.swift; path = Session.swift; sourceTree = "<group>"; };
		CEDE110D22D71FA300DD796B /* Tests.xctest */ = {isa = PBXFileReference; explicitFileType = wrapper.cfbundle; includeInIndex = 0; path = Tests.xctest; sourceTree = BUILT_PRODUCTS_DIR; };
		CEDE111022D71FB200DD796B /* TestSession.swift */ = {isa = PBXFileReference; fileEncoding = 4; lastKnownFileType = sourcecode.swift; path = TestSession.swift; sourceTree = "<group>"; };
		CEDE111222D71FD100DD796B /* Assets.xcassets */ = {isa = PBXFileReference; lastKnownFileType = folder.assetcatalog; path = Assets.xcassets; sourceTree = "<group>"; };
		CEDE111622D7207800DD796B /* en */ = {isa = PBXFileReference; lastKnownFileType = text.plist.strings; name = en; path = en.lproj/Localizable.strings; sourceTree = "<group>"; };
		CEDE111922D7209F00DD796B /* Argonaut.app */ = {isa = PBXFileReference; explicitFileType = wrapper.application; includeInIndex = 0; path = Argonaut.app; sourceTree = BUILT_PRODUCTS_DIR; };
		CEDE111A22D720A500DD796B /* Argonaut.app */ = {isa = PBXFileReference; explicitFileType = wrapper.application; includeInIndex = 0; path = Argonaut.app; sourceTree = BUILT_PRODUCTS_DIR; };
		CEE098302302E3E200321C07 /* About.swift */ = {isa = PBXFileReference; lastKnownFileType = sourcecode.swift; path = About.swift; sourceTree = "<group>"; };
		CEF5514822F2F3D900A16265 /* TestPath.swift */ = {isa = PBXFileReference; lastKnownFileType = sourcecode.swift; path = TestPath.swift; sourceTree = "<group>"; };
		DA0FBEAC2332815000D935A9 /* List.swift */ = {isa = PBXFileReference; lastKnownFileType = sourcecode.swift; path = List.swift; sourceTree = "<group>"; };
		DA0FBEAE2332832400D935A9 /* Scroll.swift */ = {isa = PBXFileReference; lastKnownFileType = sourcecode.swift; path = Scroll.swift; sourceTree = "<group>"; };
		DA0FBEB02332875C00D935A9 /* Item.swift */ = {isa = PBXFileReference; lastKnownFileType = sourcecode.swift; path = Item.swift; sourceTree = "<group>"; };
		DA6718082334CB3300883FA6 /* Control.swift */ = {isa = PBXFileReference; lastKnownFileType = sourcecode.swift; path = Control.swift; sourceTree = "<group>"; };
		DA7D3D8B2338E15C0012F00B /* Navigate.swift */ = {isa = PBXFileReference; lastKnownFileType = sourcecode.swift; path = Navigate.swift; sourceTree = "<group>"; };
		DA7D3D8E2338E3280012F00B /* Zoom.swift */ = {isa = PBXFileReference; lastKnownFileType = sourcecode.swift; path = Zoom.swift; sourceTree = "<group>"; };
		DA98EEED2338990200062F0E /* Project.swift */ = {isa = PBXFileReference; lastKnownFileType = sourcecode.swift; path = Project.swift; sourceTree = "<group>"; };
		DA9EE21C233385CD00D83514 /* Control.swift */ = {isa = PBXFileReference; lastKnownFileType = sourcecode.swift; path = Control.swift; sourceTree = "<group>"; };
		DAB929C0233781F00090648D /* Main.swift */ = {isa = PBXFileReference; lastKnownFileType = sourcecode.swift; path = Main.swift; sourceTree = "<group>"; };
		DAB929C22337A7DF0090648D /* Result.swift */ = {isa = PBXFileReference; lastKnownFileType = sourcecode.swift; path = Result.swift; sourceTree = "<group>"; };
		DAB929C42337A8280090648D /* Result.swift */ = {isa = PBXFileReference; lastKnownFileType = sourcecode.swift; path = Result.swift; sourceTree = "<group>"; };
		DAC775642331153E00EF4724 /* Menu.swift */ = {isa = PBXFileReference; lastKnownFileType = sourcecode.swift; path = Menu.swift; sourceTree = "<group>"; };
		DAE82F9B2337C53F00408392 /* Create.swift */ = {isa = PBXFileReference; lastKnownFileType = sourcecode.swift; path = Create.swift; sourceTree = "<group>"; };
/* End PBXFileReference section */

/* Begin PBXFrameworksBuildPhase section */
		CEDE10A122D7172100DD796B /* Frameworks */ = {
			isa = PBXFrameworksBuildPhase;
			buildActionMask = 2147483647;
			files = (
			);
			runOnlyForDeploymentPostprocessing = 0;
		};
		CEDE10AE22D7175500DD796B /* Frameworks */ = {
			isa = PBXFrameworksBuildPhase;
			buildActionMask = 2147483647;
			files = (
			);
			runOnlyForDeploymentPostprocessing = 0;
		};
		CEDE10B922D7176F00DD796B /* Frameworks */ = {
			isa = PBXFrameworksBuildPhase;
			buildActionMask = 2147483647;
			files = (
				CEC5A3CE22EAFFAB00CE3B07 /* libArgonaut.a in Frameworks */,
			);
			runOnlyForDeploymentPostprocessing = 0;
		};
		CEDE10C822D7178900DD796B /* Frameworks */ = {
			isa = PBXFrameworksBuildPhase;
			buildActionMask = 2147483647;
			files = (
				CEC5A3C722EAFD9600CE3B07 /* libArgonaut.a in Frameworks */,
			);
			runOnlyForDeploymentPostprocessing = 0;
		};
		CEDE10DC22D7179E00DD796B /* Frameworks */ = {
			isa = PBXFrameworksBuildPhase;
			buildActionMask = 2147483647;
			files = (
				CEC5A3C822EAFD9D00CE3B07 /* libArgonaut.a in Frameworks */,
			);
			runOnlyForDeploymentPostprocessing = 0;
		};
/* End PBXFrameworksBuildPhase section */

/* Begin PBXGroup section */
		CEC5A3C622EAFD9600CE3B07 /* Frameworks */ = {
			isa = PBXGroup;
			children = (
			);
			name = Frameworks;
			sourceTree = "<group>";
		};
		CEDE109822D714E100DD796B = {
			isa = PBXGroup;
			children = (
				CEDE10F522D71C2D00DD796B /* .gitignore */,
				CEDE10F322D71C2D00DD796B /* LICENSE */,
				CE58E9BE22D721C500EF2447 /* libArgonaut.a */,
				CE58E9BD22D721C500EF2447 /* libArgonaut.a */,
				CEDE111A22D720A500DD796B /* Argonaut.app */,
				CEDE111922D7209F00DD796B /* Argonaut.app */,
				CEDE110022D71F3600DD796B /* Mac.entitlements */,
				CEA0D90F23002B4B001FD8B8 /* icons.icns */,
				CEDE10F422D71C2D00DD796B /* README.md */,
				CEDE10F622D71CF500DD796B /* iOS.plist */,
				CEDE10F722D71CF500DD796B /* Mac.plist */,
				CEDE10F822D71CF600DD796B /* Tests.plist */,
				CEBE55222312E8A70060B4BE /* icon_22x28.png */,
				CEBE55202312E8A70060B4BE /* icon_44x58.png */,
				CEBE551F2312E8A70060B4BE /* icon_64x64.png */,
				CEBE55212312E8A70060B4BE /* icon_320x320.png */,
				CEAB0F0622D7396900320F4F /* Argonaut.sketch */,
				CEDE10F922D71F2400DD796B /* iOS.storyboard */,
				CEDE111222D71FD100DD796B /* Assets.xcassets */,
				CEDE10FC22D71F2400DD796B /* iOS.xcassets */,
				CEDE110122D71F3600DD796B /* Mac.xcassets */,
				CEDE110D22D71FA300DD796B /* Tests.xctest */,
				CEC5A3C622EAFD9600CE3B07 /* Frameworks */,
				CEDE10FA22D71F2400DD796B /* iOS */,
				CEDE111522D7207800DD796B /* Localizable.strings */,
				CEDE110222D71F3600DD796B /* Mac */,
				CEDE110622D71F5300DD796B /* Shared */,
				CEDE110A22D71FA300DD796B /* Source */,
				CEDE110F22D71FB200DD796B /* Tests */,
			);
			sourceTree = "<group>";
		};
		CEDE10FA22D71F2400DD796B /* iOS */ = {
			isa = PBXGroup;
			children = (
				CEE098302302E3E200321C07 /* About.swift */,
				CEDB361F2302A5630078E521 /* Alert.swift */,
				CEDE10FB22D71F2400DD796B /* App.swift */,
				CE354513232D11B90022800F /* Bar.swift */,
				CEDCC688230683C500AAF0C8 /* Button.swift */,
				DA9EE21C233385CD00D83514 /* Control.swift */,
				CE18343D23080B260046E496 /* Create.swift */,
				CEDB361D2302A4140078E521 /* Extensions.swift */,
				CE0FE655230571D70058386B /* Field.swift */,
				CEC2BA5B230BC26900FB4BA1 /* Gradient.swift */,
				CECD6FE6232C048200656702 /* Item.swift */,
				CE8D430B2324FEBF00CE9B5F /* List.swift */,
				CECD5635231131AD0085E0C3 /* Load.swift */,
				CE0BA3232302CBEC004E6660 /* Main.swift */,
				CEACFC56230950A4008E76A9 /* Marker.swift */,
				CECD5633231130490085E0C3 /* Navigate.swift */,
				CE0FE651230555D40058386B /* New.swift */,
				CEBB3A6323040F7200C5F61A /* Privacy.swift */,
				CE9D6BB02328CD46001B4E87 /* Project.swift */,
				DAB929C22337A7DF0090648D /* Result.swift */,
				CE0FE65323056F490058386B /* Scroll.swift */,
				CE25B85E231A830B007538E2 /* Settings.swift */,
				CED0E78D230E9ECA00D30D85 /* User.swift */,
				CE0FE64F23053F340058386B /* World.swift */,
				CE9F3FED2323D11600F221D8 /* Zoom.swift */,
			);
			path = iOS;
			sourceTree = "<group>";
		};
		CEDE110222D71F3600DD796B /* Mac */ = {
			isa = PBXGroup;
			children = (
				CE088B8222FED9120001BEE4 /* About.swift */,
				CE0038F922D72D41008A8E88 /* Alert.swift */,
				CEDE110322D71F3600DD796B /* App.swift */,
				CE9C6A3A232E49D30020F982 /* Bar.swift */,
				CE4A547B22D85E1B00125A9C /* Button.swift */,
				DA6718082334CB3300883FA6 /* Control.swift */,
				DAE82F9B2337C53F00408392 /* Create.swift */,
				CE0038FB22D72D68008A8E88 /* Extensions.swift */,
				CE02CB5522E992D1009F7323 /* Field.swift */,
				DA0FBEB02332875C00D935A9 /* Item.swift */,
				DA0FBEAC2332815000D935A9 /* List.swift */,
				CE633A2222FD791C00846455 /* Load.swift */,
				DAB929C0233781F00090648D /* Main.swift */,
				CE39789F22F5B1E60045E1D7 /* Marker.swift */,
				DAC775642331153E00EF4724 /* Menu.swift */,
				DA7D3D8B2338E15C0012F00B /* Navigate.swift */,
				CE9C6A3E232E66AF0020F982 /* New.swift */,
				CE088B8422FEDE810001BEE4 /* Privacy.swift */,
				DA98EEED2338990200062F0E /* Project.swift */,
				DAB929C42337A8280090648D /* Result.swift */,
				DA0FBEAE2332832400D935A9 /* Scroll.swift */,
				CE9AEC92231B9521009596FE /* Settings.swift */,
				CE2F61462312963100A01CF6 /* User.swift */,
				CE9C6A36232E2B140020F982 /* Window.swift */,
				CE9C6A3C232E65A90020F982 /* World.swift */,
				DA7D3D8E2338E3280012F00B /* Zoom.swift */,
			);
			path = Mac;
			sourceTree = "<group>";
		};
		CEDE110622D71F5300DD796B /* Shared */ = {
			isa = PBXGroup;
			children = (
				CE26CDF822F4039F0007441D /* Line.swift */,
				CECECD7B22F469F2006AE0C8 /* Liner.swift */,
				CEAB0F0922D742D900320F4F /* Map.swift */,
				CE7EACE422E1E1620082D91C /* Mark.swift */,
				CEDE110722D71F5300DD796B /* Shared.swift */,
				CE9301DA22EF09AF00EACBD4 /* Tiler.swift */,
			);
			path = Shared;
			sourceTree = "<group>";
		};
		CEDE110A22D71FA300DD796B /* Source */ = {
			isa = PBXGroup;
			children = (
				CE2A863C22F7F7C000AC8190 /* Argonaut.swift */,
				CE6AE1F822F6BE5C0040B205 /* Cart.swift */,
				CEABFA3622ED9401000ABB7E /* Extensions.swift */,
				CEC5A3C922EAFE3200CE3B07 /* Factory.swift */,
				CE3256B723029C4200D95A31 /* HelperiOS.swift */,
				CE3256B523029C2400D95A31 /* HelperMac.swift */,
				CE734F7D22F1BDAF009799BE /* Path.swift */,
				CEDE110B22D71FA300DD796B /* Session.swift */,
			);
			path = Source;
			sourceTree = "<group>";
		};
		CEDE110F22D71FB200DD796B /* Tests */ = {
			isa = PBXGroup;
			children = (
				CE633A2022FD525E00846455 /* TestArgonaut.swift */,
				CE6AE1FB22F6BEAE0040B205 /* TestCart.swift */,
				CE734F8022F1BE24009799BE /* TestChunk.swift */,
				CEC5A3CC22EAFF7900CE3B07 /* TestFactory.swift */,
				CEF5514822F2F3D900A16265 /* TestPath.swift */,
				CEDE111022D71FB200DD796B /* TestSession.swift */,
			);
			path = Tests;
			sourceTree = "<group>";
		};
/* End PBXGroup section */

/* Begin PBXHeadersBuildPhase section */
		CEDE109F22D7172100DD796B /* Headers */ = {
			isa = PBXHeadersBuildPhase;
			buildActionMask = 2147483647;
			files = (
			);
			runOnlyForDeploymentPostprocessing = 0;
		};
/* End PBXHeadersBuildPhase section */

/* Begin PBXNativeTarget section */
		CEDE10A222D7172100DD796B /* Mac */ = {
			isa = PBXNativeTarget;
			buildConfigurationList = CEDE10AA22D7172100DD796B /* Build configuration list for PBXNativeTarget "Mac" */;
			buildPhases = (
				CEDE109F22D7172100DD796B /* Headers */,
				CEDE10A022D7172100DD796B /* Sources */,
				CEDE10A122D7172100DD796B /* Frameworks */,
			);
			buildRules = (
			);
			dependencies = (
			);
			name = Mac;
			productName = Mac;
			productReference = CE58E9BD22D721C500EF2447 /* libArgonaut.a */;
			productType = "com.apple.product-type.library.static";
		};
		CEDE10B022D7175500DD796B /* iOS */ = {
			isa = PBXNativeTarget;
			buildConfigurationList = CEDE10B522D7175500DD796B /* Build configuration list for PBXNativeTarget "iOS" */;
			buildPhases = (
				CEDE10AD22D7175500DD796B /* Sources */,
				CEDE10AE22D7175500DD796B /* Frameworks */,
				CEDE10AF22D7175500DD796B /* CopyFiles */,
			);
			buildRules = (
			);
			dependencies = (
			);
			name = iOS;
			productName = iOS;
			productReference = CE58E9BE22D721C500EF2447 /* libArgonaut.a */;
			productType = "com.apple.product-type.library.static";
		};
		CEDE10BB22D7176F00DD796B /* Tests */ = {
			isa = PBXNativeTarget;
			buildConfigurationList = CEDE10C422D7176F00DD796B /* Build configuration list for PBXNativeTarget "Tests" */;
			buildPhases = (
				CEDE10B822D7176F00DD796B /* Sources */,
				CEDE10B922D7176F00DD796B /* Frameworks */,
				CEDE10BA22D7176F00DD796B /* Resources */,
			);
			buildRules = (
			);
			dependencies = (
				CEDE10C322D7176F00DD796B /* PBXTargetDependency */,
			);
			name = Tests;
			productName = Tests;
			productReference = CEDE110D22D71FA300DD796B /* Tests.xctest */;
			productType = "com.apple.product-type.bundle.unit-test";
		};
		CEDE10CA22D7178900DD796B /* MacApp */ = {
			isa = PBXNativeTarget;
			buildConfigurationList = CEDE10D822D7178A00DD796B /* Build configuration list for PBXNativeTarget "MacApp" */;
			buildPhases = (
				CEDE10C722D7178900DD796B /* Sources */,
				CEDE10C822D7178900DD796B /* Frameworks */,
				CEDE10C922D7178900DD796B /* Resources */,
			);
			buildRules = (
			);
			dependencies = (
			);
			name = MacApp;
			productName = MacApp;
			productReference = CEDE111922D7209F00DD796B /* Argonaut.app */;
			productType = "com.apple.product-type.application";
		};
		CEDE10DE22D7179E00DD796B /* iOSApp */ = {
			isa = PBXNativeTarget;
			buildConfigurationList = CEDE10F022D7179E00DD796B /* Build configuration list for PBXNativeTarget "iOSApp" */;
			buildPhases = (
				CEDE10DB22D7179E00DD796B /* Sources */,
				CEDE10DC22D7179E00DD796B /* Frameworks */,
				CEDE10DD22D7179E00DD796B /* Resources */,
			);
			buildRules = (
			);
			dependencies = (
			);
			name = iOSApp;
			productName = iOSApp;
			productReference = CEDE111A22D720A500DD796B /* Argonaut.app */;
			productType = "com.apple.product-type.application";
		};
/* End PBXNativeTarget section */

/* Begin PBXProject section */
		CEDE109922D714E100DD796B /* Project object */ = {
			isa = PBXProject;
			attributes = {
				LastSwiftUpdateCheck = 1100;
				LastUpgradeCheck = 1100;
				TargetAttributes = {
					CEDE10A222D7172100DD796B = {
						CreatedOnToolsVersion = 11.0;
					};
					CEDE10B022D7175500DD796B = {
						CreatedOnToolsVersion = 11.0;
					};
					CEDE10BB22D7176F00DD796B = {
						CreatedOnToolsVersion = 11.0;
					};
					CEDE10CA22D7178900DD796B = {
						CreatedOnToolsVersion = 11.0;
					};
					CEDE10DE22D7179E00DD796B = {
						CreatedOnToolsVersion = 11.0;
					};
				};
			};
			buildConfigurationList = CEDE109C22D714E100DD796B /* Build configuration list for PBXProject "Argonaut" */;
			compatibilityVersion = "Xcode 9.3";
			developmentRegion = en;
			hasScannedForEncodings = 0;
			knownRegions = (
				en,
			);
			mainGroup = CEDE109822D714E100DD796B;
			productRefGroup = CEDE109822D714E100DD796B;
			projectDirPath = "";
			projectRoot = "";
			targets = (
				CEDE10A222D7172100DD796B /* Mac */,
				CEDE10B022D7175500DD796B /* iOS */,
				CEDE10BB22D7176F00DD796B /* Tests */,
				CEDE10CA22D7178900DD796B /* MacApp */,
				CEDE10DE22D7179E00DD796B /* iOSApp */,
			);
		};
/* End PBXProject section */

/* Begin PBXResourcesBuildPhase section */
		CEDE10BA22D7176F00DD796B /* Resources */ = {
			isa = PBXResourcesBuildPhase;
			buildActionMask = 2147483647;
			files = (
			);
			runOnlyForDeploymentPostprocessing = 0;
		};
		CEDE10C922D7178900DD796B /* Resources */ = {
			isa = PBXResourcesBuildPhase;
			buildActionMask = 2147483647;
			files = (
				CEDE111322D71FD100DD796B /* Assets.xcassets in Resources */,
				CEDE111722D7207800DD796B /* Localizable.strings in Resources */,
				CEDE110422D71F3600DD796B /* Mac.xcassets in Resources */,
				CEA0D91023002B4B001FD8B8 /* icons.icns in Resources */,
			);
			runOnlyForDeploymentPostprocessing = 0;
		};
		CEDE10DD22D7179E00DD796B /* Resources */ = {
			isa = PBXResourcesBuildPhase;
			buildActionMask = 2147483647;
			files = (
				CEBE55232312E8A70060B4BE /* icon_64x64.png in Resources */,
				CEDE10FD22D71F2400DD796B /* iOS.storyboard in Resources */,
				CEBE55242312E8A70060B4BE /* icon_44x58.png in Resources */,
				CEBE55252312E8A70060B4BE /* icon_320x320.png in Resources */,
				CEDE111822D7207800DD796B /* Localizable.strings in Resources */,
				CEDE111422D71FD100DD796B /* Assets.xcassets in Resources */,
				CEDE10FF22D71F2400DD796B /* iOS.xcassets in Resources */,
				CEBE55262312E8A70060B4BE /* icon_22x28.png in Resources */,
			);
			runOnlyForDeploymentPostprocessing = 0;
		};
/* End PBXResourcesBuildPhase section */

/* Begin PBXSourcesBuildPhase section */
		CEDE10A022D7172100DD796B /* Sources */ = {
			isa = PBXSourcesBuildPhase;
			buildActionMask = 2147483647;
			files = (
				CEABFA3722ED9401000ABB7E /* Extensions.swift in Sources */,
				CE6AE1F922F6BE5C0040B205 /* Cart.swift in Sources */,
				CE734F7E22F1BDAF009799BE /* Path.swift in Sources */,
				CE2A863D22F7F7C000AC8190 /* Argonaut.swift in Sources */,
				CEC5A3CA22EAFE3200CE3B07 /* Factory.swift in Sources */,
				CE3256B623029C2400D95A31 /* HelperMac.swift in Sources */,
				CEDE110C22D71FA300DD796B /* Session.swift in Sources */,
			);
			runOnlyForDeploymentPostprocessing = 0;
		};
		CEDE10AD22D7175500DD796B /* Sources */ = {
			isa = PBXSourcesBuildPhase;
			buildActionMask = 2147483647;
			files = (
				CEABFA3822ED9401000ABB7E /* Extensions.swift in Sources */,
				CE6AE1FA22F6BE5C0040B205 /* Cart.swift in Sources */,
				CE734F7F22F1BDAF009799BE /* Path.swift in Sources */,
				CE2A863E22F7F7C000AC8190 /* Argonaut.swift in Sources */,
				CE3256B823029C4200D95A31 /* HelperiOS.swift in Sources */,
				CEC5A3CB22EAFE3200CE3B07 /* Factory.swift in Sources */,
				CEDE110E22D71FA300DD796B /* Session.swift in Sources */,
			);
			runOnlyForDeploymentPostprocessing = 0;
		};
		CEDE10B822D7176F00DD796B /* Sources */ = {
			isa = PBXSourcesBuildPhase;
			buildActionMask = 2147483647;
			files = (
				CE734F8122F1BE24009799BE /* TestChunk.swift in Sources */,
				CEC5A3CD22EAFF7900CE3B07 /* TestFactory.swift in Sources */,
				CE6AE1FC22F6BEAE0040B205 /* TestCart.swift in Sources */,
				CEDE111122D71FB200DD796B /* TestSession.swift in Sources */,
				CE633A2122FD525E00846455 /* TestArgonaut.swift in Sources */,
				CEF5514922F2F3D900A16265 /* TestPath.swift in Sources */,
			);
			runOnlyForDeploymentPostprocessing = 0;
		};
		CEDE10C722D7178900DD796B /* Sources */ = {
			isa = PBXSourcesBuildPhase;
			buildActionMask = 2147483647;
			files = (
				CE9C6A3D232E65A90020F982 /* World.swift in Sources */,
				CE9C6A37232E2B140020F982 /* Window.swift in Sources */,
				CE633A2322FD791C00846455 /* Load.swift in Sources */,
				CE0038FA22D72D41008A8E88 /* Alert.swift in Sources */,
				CE02CB5622E992D1009F7323 /* Field.swift in Sources */,
				CE088B8522FEDE810001BEE4 /* Privacy.swift in Sources */,
				CE088B8322FED9120001BEE4 /* About.swift in Sources */,
				CEDE110522D71F3600DD796B /* App.swift in Sources */,
				DAB929C52337A8280090648D /* Result.swift in Sources */,
				CE4A547C22D85E1B00125A9C /* Button.swift in Sources */,
				DA98EEEE2338990200062F0E /* Project.swift in Sources */,
				CE9C6A3B232E49D30020F982 /* Bar.swift in Sources */,
				CEAB0F0A22D742D900320F4F /* Map.swift in Sources */,
				CE9C6A3F232E66AF0020F982 /* New.swift in Sources */,
				CEDE110822D71F5300DD796B /* Shared.swift in Sources */,
				DA6718092334CB3300883FA6 /* Control.swift in Sources */,
				DA7D3D8D2338E2E60012F00B /* Navigate.swift in Sources */,
				CE9301DB22EF09AF00EACBD4 /* Tiler.swift in Sources */,
				DAC775652331153E00EF4724 /* Menu.swift in Sources */,
				CE0038FC22D72D68008A8E88 /* Extensions.swift in Sources */,
				DA0FBEB12332875C00D935A9 /* Item.swift in Sources */,
				DAB929C1233781F00090648D /* Main.swift in Sources */,
				CECECD7C22F469F2006AE0C8 /* Liner.swift in Sources */,
				DA0FBEAF2332832400D935A9 /* Scroll.swift in Sources */,
				DAE82F9C2337C53F00408392 /* Create.swift in Sources */,
				DA0FBEAD2332815000D935A9 /* List.swift in Sources */,
				DA7D3D8F2338E3280012F00B /* Zoom.swift in Sources */,
				CE9AEC93231B9521009596FE /* Settings.swift in Sources */,
				CE26CE0622F4679C0007441D /* Line.swift in Sources */,
				CE26CE0522F4679C0007441D /* Mark.swift in Sources */,
				CE3978A022F5B1E60045E1D7 /* Marker.swift in Sources */,
				CE2F61472312963100A01CF6 /* User.swift in Sources */,
			);
			runOnlyForDeploymentPostprocessing = 0;
		};
		CEDE10DB22D7179E00DD796B /* Sources */ = {
			isa = PBXSourcesBuildPhase;
			buildActionMask = 2147483647;
			files = (
				CE354514232D11B90022800F /* Bar.swift in Sources */,
				CEDE10FE22D71F2400DD796B /* App.swift in Sources */,
				CEDB361E2302A4140078E521 /* Extensions.swift in Sources */,
				CE9F3FEE2323D11600F221D8 /* Zoom.swift in Sources */,
				CE0FE65423056F490058386B /* Scroll.swift in Sources */,
				CECD6FE7232C048200656702 /* Item.swift in Sources */,
				CEAB0F0B22D742D900320F4F /* Map.swift in Sources */,
				CEE098312302E3E200321C07 /* About.swift in Sources */,
				CE9301DC22EF09AF00EACBD4 /* Tiler.swift in Sources */,
				CE0BA3242302CBEC004E6660 /* Main.swift in Sources */,
				CE26CE0822F467AA0007441D /* Line.swift in Sources */,
				CECECD7D22F469F2006AE0C8 /* Liner.swift in Sources */,
				CE0FE65023053F340058386B /* World.swift in Sources */,
				CED0E78E230E9ECA00D30D85 /* User.swift in Sources */,
				CECD5636231131AD0085E0C3 /* Load.swift in Sources */,
				CEDE110922D71F5300DD796B /* Shared.swift in Sources */,
				CEDB36202302A5630078E521 /* Alert.swift in Sources */,
				DA9EE21D233385CD00D83514 /* Control.swift in Sources */,
				CE0FE656230571D70058386B /* Field.swift in Sources */,
				CEBB3A6423040F7200C5F61A /* Privacy.swift in Sources */,
				CE8D430C2324FEBF00CE9B5F /* List.swift in Sources */,
				CE0FE652230555D40058386B /* New.swift in Sources */,
				CEDCC689230683C500AAF0C8 /* Button.swift in Sources */,
				DAB929C32337A7DF0090648D /* Result.swift in Sources */,
				CE25B85F231A830B007538E2 /* Settings.swift in Sources */,
				CEC2BA5C230BC26900FB4BA1 /* Gradient.swift in Sources */,
				CECD5634231130490085E0C3 /* Navigate.swift in Sources */,
				CE26CE0722F467A40007441D /* Mark.swift in Sources */,
				CE18343E23080B260046E496 /* Create.swift in Sources */,
				CEACFC57230950A4008E76A9 /* Marker.swift in Sources */,
				CE9D6BB12328CD46001B4E87 /* Project.swift in Sources */,
			);
			runOnlyForDeploymentPostprocessing = 0;
		};
/* End PBXSourcesBuildPhase section */

/* Begin PBXTargetDependency section */
		CEDE10C322D7176F00DD796B /* PBXTargetDependency */ = {
			isa = PBXTargetDependency;
			target = CEDE10A222D7172100DD796B /* Mac */;
			targetProxy = CEDE10C222D7176F00DD796B /* PBXContainerItemProxy */;
		};
/* End PBXTargetDependency section */

/* Begin PBXVariantGroup section */
		CEDE111522D7207800DD796B /* Localizable.strings */ = {
			isa = PBXVariantGroup;
			children = (
				CEDE111622D7207800DD796B /* en */,
			);
			name = Localizable.strings;
			sourceTree = "<group>";
		};
/* End PBXVariantGroup section */

/* Begin XCBuildConfiguration section */
		CEDE109D22D714E100DD796B /* Debug */ = {
			isa = XCBuildConfiguration;
			buildSettings = {
				CLANG_ENABLE_MODULES = YES;
				DEBUG_INFORMATION_FORMAT = dwarf;
				ENABLE_BITCODE = YES;
				GCC_OPTIMIZATION_LEVEL = 0;
				IPHONEOS_DEPLOYMENT_TARGET = 9.0;
				MACOSX_DEPLOYMENT_TARGET = 10.11;
				PRODUCT_NAME = Argonaut;
				SWIFT_INSTALL_OBJC_HEADER = NO;
				SWIFT_OPTIMIZATION_LEVEL = "-Onone";
				SWIFT_VERSION = 5.0;
			};
			name = Debug;
		};
		CEDE109E22D714E100DD796B /* Release */ = {
			isa = XCBuildConfiguration;
			buildSettings = {
				CLANG_ENABLE_MODULES = YES;
				DEBUG_INFORMATION_FORMAT = dwarf;
				ENABLE_BITCODE = YES;
				GCC_OPTIMIZATION_LEVEL = 3;
				IPHONEOS_DEPLOYMENT_TARGET = 9.0;
				MACOSX_DEPLOYMENT_TARGET = 10.11;
				PRODUCT_NAME = Argonaut;
				SWIFT_COMPILATION_MODE = wholemodule;
				SWIFT_INSTALL_OBJC_HEADER = NO;
				SWIFT_REFLECTION_METADATA_LEVEL = none;
				SWIFT_VERSION = 5.0;
			};
			name = Release;
		};
		CEDE10AB22D7172100DD796B /* Debug */ = {
			isa = XCBuildConfiguration;
			buildSettings = {
				ALWAYS_SEARCH_USER_PATHS = NO;
				CLANG_ANALYZER_NONNULL = YES;
				CLANG_ANALYZER_NUMBER_OBJECT_CONVERSION = YES_AGGRESSIVE;
				CLANG_CXX_LANGUAGE_STANDARD = "gnu++14";
				CLANG_CXX_LIBRARY = "libc++";
				CLANG_ENABLE_OBJC_ARC = YES;
				CLANG_ENABLE_OBJC_WEAK = YES;
				CLANG_WARN_BLOCK_CAPTURE_AUTORELEASING = YES;
				CLANG_WARN_BOOL_CONVERSION = YES;
				CLANG_WARN_COMMA = YES;
				CLANG_WARN_CONSTANT_CONVERSION = YES;
				CLANG_WARN_DEPRECATED_OBJC_IMPLEMENTATIONS = YES;
				CLANG_WARN_DIRECT_OBJC_ISA_USAGE = YES_ERROR;
				CLANG_WARN_DOCUMENTATION_COMMENTS = YES;
				CLANG_WARN_EMPTY_BODY = YES;
				CLANG_WARN_ENUM_CONVERSION = YES;
				CLANG_WARN_INFINITE_RECURSION = YES;
				CLANG_WARN_INT_CONVERSION = YES;
				CLANG_WARN_NON_LITERAL_NULL_CONVERSION = YES;
				CLANG_WARN_OBJC_IMPLICIT_RETAIN_SELF = YES;
				CLANG_WARN_OBJC_LITERAL_CONVERSION = YES;
				CLANG_WARN_OBJC_ROOT_CLASS = YES_ERROR;
				CLANG_WARN_RANGE_LOOP_ANALYSIS = YES;
				CLANG_WARN_STRICT_PROTOTYPES = YES;
				CLANG_WARN_SUSPICIOUS_MOVE = YES;
				CLANG_WARN_UNGUARDED_AVAILABILITY = YES_AGGRESSIVE;
				CLANG_WARN_UNREACHABLE_CODE = YES;
				CLANG_WARN__DUPLICATE_METHOD_MATCH = YES;
				CODE_SIGN_STYLE = Automatic;
				COPY_PHASE_STRIP = NO;
				DEVELOPMENT_TEAM = 7AMWG3RLHN;
				ENABLE_STRICT_OBJC_MSGSEND = YES;
				ENABLE_TESTABILITY = YES;
				EXECUTABLE_PREFIX = lib;
				GCC_C_LANGUAGE_STANDARD = gnu11;
				GCC_DYNAMIC_NO_PIC = NO;
				GCC_NO_COMMON_BLOCKS = YES;
				GCC_PREPROCESSOR_DEFINITIONS = (
					"DEBUG=1",
					"$(inherited)",
				);
				GCC_WARN_64_TO_32_BIT_CONVERSION = YES;
				GCC_WARN_ABOUT_RETURN_TYPE = YES_ERROR;
				GCC_WARN_UNDECLARED_SELECTOR = YES;
				GCC_WARN_UNINITIALIZED_AUTOS = YES_AGGRESSIVE;
				GCC_WARN_UNUSED_FUNCTION = YES;
				GCC_WARN_UNUSED_VARIABLE = YES;
				MTL_ENABLE_DEBUG_INFO = INCLUDE_SOURCE;
				MTL_FAST_MATH = YES;
				ONLY_ACTIVE_ARCH = YES;
				SDKROOT = macosx;
				SKIP_INSTALL = YES;
			};
			name = Debug;
		};
		CEDE10AC22D7172100DD796B /* Release */ = {
			isa = XCBuildConfiguration;
			buildSettings = {
				ALWAYS_SEARCH_USER_PATHS = NO;
				CLANG_ANALYZER_NONNULL = YES;
				CLANG_ANALYZER_NUMBER_OBJECT_CONVERSION = YES_AGGRESSIVE;
				CLANG_CXX_LANGUAGE_STANDARD = "gnu++14";
				CLANG_CXX_LIBRARY = "libc++";
				CLANG_ENABLE_OBJC_ARC = YES;
				CLANG_ENABLE_OBJC_WEAK = YES;
				CLANG_WARN_BLOCK_CAPTURE_AUTORELEASING = YES;
				CLANG_WARN_BOOL_CONVERSION = YES;
				CLANG_WARN_COMMA = YES;
				CLANG_WARN_CONSTANT_CONVERSION = YES;
				CLANG_WARN_DEPRECATED_OBJC_IMPLEMENTATIONS = YES;
				CLANG_WARN_DIRECT_OBJC_ISA_USAGE = YES_ERROR;
				CLANG_WARN_DOCUMENTATION_COMMENTS = YES;
				CLANG_WARN_EMPTY_BODY = YES;
				CLANG_WARN_ENUM_CONVERSION = YES;
				CLANG_WARN_INFINITE_RECURSION = YES;
				CLANG_WARN_INT_CONVERSION = YES;
				CLANG_WARN_NON_LITERAL_NULL_CONVERSION = YES;
				CLANG_WARN_OBJC_IMPLICIT_RETAIN_SELF = YES;
				CLANG_WARN_OBJC_LITERAL_CONVERSION = YES;
				CLANG_WARN_OBJC_ROOT_CLASS = YES_ERROR;
				CLANG_WARN_RANGE_LOOP_ANALYSIS = YES;
				CLANG_WARN_STRICT_PROTOTYPES = YES;
				CLANG_WARN_SUSPICIOUS_MOVE = YES;
				CLANG_WARN_UNGUARDED_AVAILABILITY = YES_AGGRESSIVE;
				CLANG_WARN_UNREACHABLE_CODE = YES;
				CLANG_WARN__DUPLICATE_METHOD_MATCH = YES;
				CODE_SIGN_STYLE = Automatic;
				COPY_PHASE_STRIP = NO;
				DEVELOPMENT_TEAM = 7AMWG3RLHN;
				ENABLE_NS_ASSERTIONS = NO;
				ENABLE_STRICT_OBJC_MSGSEND = YES;
				EXECUTABLE_PREFIX = lib;
				GCC_C_LANGUAGE_STANDARD = gnu11;
				GCC_NO_COMMON_BLOCKS = YES;
				GCC_WARN_64_TO_32_BIT_CONVERSION = YES;
				GCC_WARN_ABOUT_RETURN_TYPE = YES_ERROR;
				GCC_WARN_UNDECLARED_SELECTOR = YES;
				GCC_WARN_UNINITIALIZED_AUTOS = YES_AGGRESSIVE;
				GCC_WARN_UNUSED_FUNCTION = YES;
				GCC_WARN_UNUSED_VARIABLE = YES;
				MTL_ENABLE_DEBUG_INFO = NO;
				MTL_FAST_MATH = YES;
				SDKROOT = macosx;
				SKIP_INSTALL = YES;
			};
			name = Release;
		};
		CEDE10B622D7175500DD796B /* Debug */ = {
			isa = XCBuildConfiguration;
			buildSettings = {
				ALWAYS_SEARCH_USER_PATHS = NO;
				CLANG_ANALYZER_NONNULL = YES;
				CLANG_ANALYZER_NUMBER_OBJECT_CONVERSION = YES_AGGRESSIVE;
				CLANG_CXX_LANGUAGE_STANDARD = "gnu++14";
				CLANG_CXX_LIBRARY = "libc++";
				CLANG_ENABLE_OBJC_ARC = YES;
				CLANG_ENABLE_OBJC_WEAK = YES;
				CLANG_WARN_BLOCK_CAPTURE_AUTORELEASING = YES;
				CLANG_WARN_BOOL_CONVERSION = YES;
				CLANG_WARN_COMMA = YES;
				CLANG_WARN_CONSTANT_CONVERSION = YES;
				CLANG_WARN_DEPRECATED_OBJC_IMPLEMENTATIONS = YES;
				CLANG_WARN_DIRECT_OBJC_ISA_USAGE = YES_ERROR;
				CLANG_WARN_DOCUMENTATION_COMMENTS = YES;
				CLANG_WARN_EMPTY_BODY = YES;
				CLANG_WARN_ENUM_CONVERSION = YES;
				CLANG_WARN_INFINITE_RECURSION = YES;
				CLANG_WARN_INT_CONVERSION = YES;
				CLANG_WARN_NON_LITERAL_NULL_CONVERSION = YES;
				CLANG_WARN_OBJC_IMPLICIT_RETAIN_SELF = YES;
				CLANG_WARN_OBJC_LITERAL_CONVERSION = YES;
				CLANG_WARN_OBJC_ROOT_CLASS = YES_ERROR;
				CLANG_WARN_RANGE_LOOP_ANALYSIS = YES;
				CLANG_WARN_STRICT_PROTOTYPES = YES;
				CLANG_WARN_SUSPICIOUS_MOVE = YES;
				CLANG_WARN_UNGUARDED_AVAILABILITY = YES_AGGRESSIVE;
				CLANG_WARN_UNREACHABLE_CODE = YES;
				CLANG_WARN__DUPLICATE_METHOD_MATCH = YES;
				CODE_SIGN_STYLE = Automatic;
				COPY_PHASE_STRIP = NO;
				DEVELOPMENT_TEAM = 7AMWG3RLHN;
				ENABLE_STRICT_OBJC_MSGSEND = YES;
				ENABLE_TESTABILITY = YES;
				GCC_C_LANGUAGE_STANDARD = gnu11;
				GCC_DYNAMIC_NO_PIC = NO;
				GCC_NO_COMMON_BLOCKS = YES;
				GCC_PREPROCESSOR_DEFINITIONS = (
					"DEBUG=1",
					"$(inherited)",
				);
				GCC_WARN_64_TO_32_BIT_CONVERSION = YES;
				GCC_WARN_ABOUT_RETURN_TYPE = YES_ERROR;
				GCC_WARN_UNDECLARED_SELECTOR = YES;
				GCC_WARN_UNINITIALIZED_AUTOS = YES_AGGRESSIVE;
				GCC_WARN_UNUSED_FUNCTION = YES;
				GCC_WARN_UNUSED_VARIABLE = YES;
				MTL_ENABLE_DEBUG_INFO = INCLUDE_SOURCE;
				MTL_FAST_MATH = YES;
				ONLY_ACTIVE_ARCH = YES;
				SDKROOT = iphoneos;
				SKIP_INSTALL = YES;
				SWIFT_ACTIVE_COMPILATION_CONDITIONS = DEBUG;
				TARGETED_DEVICE_FAMILY = "1,2";
			};
			name = Debug;
		};
		CEDE10B722D7175500DD796B /* Release */ = {
			isa = XCBuildConfiguration;
			buildSettings = {
				ALWAYS_SEARCH_USER_PATHS = NO;
				CLANG_ANALYZER_NONNULL = YES;
				CLANG_ANALYZER_NUMBER_OBJECT_CONVERSION = YES_AGGRESSIVE;
				CLANG_CXX_LANGUAGE_STANDARD = "gnu++14";
				CLANG_CXX_LIBRARY = "libc++";
				CLANG_ENABLE_OBJC_ARC = YES;
				CLANG_ENABLE_OBJC_WEAK = YES;
				CLANG_WARN_BLOCK_CAPTURE_AUTORELEASING = YES;
				CLANG_WARN_BOOL_CONVERSION = YES;
				CLANG_WARN_COMMA = YES;
				CLANG_WARN_CONSTANT_CONVERSION = YES;
				CLANG_WARN_DEPRECATED_OBJC_IMPLEMENTATIONS = YES;
				CLANG_WARN_DIRECT_OBJC_ISA_USAGE = YES_ERROR;
				CLANG_WARN_DOCUMENTATION_COMMENTS = YES;
				CLANG_WARN_EMPTY_BODY = YES;
				CLANG_WARN_ENUM_CONVERSION = YES;
				CLANG_WARN_INFINITE_RECURSION = YES;
				CLANG_WARN_INT_CONVERSION = YES;
				CLANG_WARN_NON_LITERAL_NULL_CONVERSION = YES;
				CLANG_WARN_OBJC_IMPLICIT_RETAIN_SELF = YES;
				CLANG_WARN_OBJC_LITERAL_CONVERSION = YES;
				CLANG_WARN_OBJC_ROOT_CLASS = YES_ERROR;
				CLANG_WARN_RANGE_LOOP_ANALYSIS = YES;
				CLANG_WARN_STRICT_PROTOTYPES = YES;
				CLANG_WARN_SUSPICIOUS_MOVE = YES;
				CLANG_WARN_UNGUARDED_AVAILABILITY = YES_AGGRESSIVE;
				CLANG_WARN_UNREACHABLE_CODE = YES;
				CLANG_WARN__DUPLICATE_METHOD_MATCH = YES;
				CODE_SIGN_STYLE = Automatic;
				COPY_PHASE_STRIP = NO;
				DEVELOPMENT_TEAM = 7AMWG3RLHN;
				ENABLE_NS_ASSERTIONS = NO;
				ENABLE_STRICT_OBJC_MSGSEND = YES;
				GCC_C_LANGUAGE_STANDARD = gnu11;
				GCC_NO_COMMON_BLOCKS = YES;
				GCC_WARN_64_TO_32_BIT_CONVERSION = YES;
				GCC_WARN_ABOUT_RETURN_TYPE = YES_ERROR;
				GCC_WARN_UNDECLARED_SELECTOR = YES;
				GCC_WARN_UNINITIALIZED_AUTOS = YES_AGGRESSIVE;
				GCC_WARN_UNUSED_FUNCTION = YES;
				GCC_WARN_UNUSED_VARIABLE = YES;
				MTL_ENABLE_DEBUG_INFO = NO;
				MTL_FAST_MATH = YES;
				SDKROOT = iphoneos;
				SKIP_INSTALL = YES;
				SWIFT_COMPILATION_MODE = wholemodule;
				TARGETED_DEVICE_FAMILY = "1,2";
				VALIDATE_PRODUCT = YES;
			};
			name = Release;
		};
		CEDE10C522D7176F00DD796B /* Debug */ = {
			isa = XCBuildConfiguration;
			buildSettings = {
				ALWAYS_SEARCH_USER_PATHS = NO;
				CLANG_ANALYZER_NONNULL = YES;
				CLANG_ANALYZER_NUMBER_OBJECT_CONVERSION = YES_AGGRESSIVE;
				CLANG_CXX_LANGUAGE_STANDARD = "gnu++14";
				CLANG_CXX_LIBRARY = "libc++";
				CLANG_ENABLE_OBJC_ARC = YES;
				CLANG_ENABLE_OBJC_WEAK = YES;
				CLANG_WARN_BLOCK_CAPTURE_AUTORELEASING = YES;
				CLANG_WARN_BOOL_CONVERSION = YES;
				CLANG_WARN_COMMA = YES;
				CLANG_WARN_CONSTANT_CONVERSION = YES;
				CLANG_WARN_DEPRECATED_OBJC_IMPLEMENTATIONS = YES;
				CLANG_WARN_DIRECT_OBJC_ISA_USAGE = YES_ERROR;
				CLANG_WARN_DOCUMENTATION_COMMENTS = YES;
				CLANG_WARN_EMPTY_BODY = YES;
				CLANG_WARN_ENUM_CONVERSION = YES;
				CLANG_WARN_INFINITE_RECURSION = YES;
				CLANG_WARN_INT_CONVERSION = YES;
				CLANG_WARN_NON_LITERAL_NULL_CONVERSION = YES;
				CLANG_WARN_OBJC_IMPLICIT_RETAIN_SELF = YES;
				CLANG_WARN_OBJC_LITERAL_CONVERSION = YES;
				CLANG_WARN_OBJC_ROOT_CLASS = YES_ERROR;
				CLANG_WARN_RANGE_LOOP_ANALYSIS = YES;
				CLANG_WARN_STRICT_PROTOTYPES = YES;
				CLANG_WARN_SUSPICIOUS_MOVE = YES;
				CLANG_WARN_UNGUARDED_AVAILABILITY = YES_AGGRESSIVE;
				CLANG_WARN_UNREACHABLE_CODE = YES;
				CLANG_WARN__DUPLICATE_METHOD_MATCH = YES;
				CODE_SIGN_STYLE = Automatic;
				COMBINE_HIDPI_IMAGES = YES;
				COPY_PHASE_STRIP = NO;
				DEVELOPMENT_TEAM = 7AMWG3RLHN;
				ENABLE_STRICT_OBJC_MSGSEND = YES;
				ENABLE_TESTABILITY = YES;
				GCC_C_LANGUAGE_STANDARD = gnu11;
				GCC_DYNAMIC_NO_PIC = NO;
				GCC_NO_COMMON_BLOCKS = YES;
				GCC_PREPROCESSOR_DEFINITIONS = (
					"DEBUG=1",
					"$(inherited)",
				);
				GCC_WARN_64_TO_32_BIT_CONVERSION = YES;
				GCC_WARN_ABOUT_RETURN_TYPE = YES_ERROR;
				GCC_WARN_UNDECLARED_SELECTOR = YES;
				GCC_WARN_UNINITIALIZED_AUTOS = YES_AGGRESSIVE;
				GCC_WARN_UNUSED_FUNCTION = YES;
				GCC_WARN_UNUSED_VARIABLE = YES;
				INFOPLIST_FILE = Tests.plist;
				LD_RUNPATH_SEARCH_PATHS = (
					"$(inherited)",
					"@executable_path/../Frameworks",
					"@loader_path/../Frameworks",
				);
				MTL_ENABLE_DEBUG_INFO = INCLUDE_SOURCE;
				MTL_FAST_MATH = YES;
				ONLY_ACTIVE_ARCH = YES;
				PRODUCT_BUNDLE_IDENTIFIER = argonaut.Tests;
				PRODUCT_NAME = Tests;
				SDKROOT = macosx;
				SWIFT_ACTIVE_COMPILATION_CONDITIONS = DEBUG;
			};
			name = Debug;
		};
		CEDE10C622D7176F00DD796B /* Release */ = {
			isa = XCBuildConfiguration;
			buildSettings = {
				ALWAYS_SEARCH_USER_PATHS = NO;
				CLANG_ANALYZER_NONNULL = YES;
				CLANG_ANALYZER_NUMBER_OBJECT_CONVERSION = YES_AGGRESSIVE;
				CLANG_CXX_LANGUAGE_STANDARD = "gnu++14";
				CLANG_CXX_LIBRARY = "libc++";
				CLANG_ENABLE_OBJC_ARC = YES;
				CLANG_ENABLE_OBJC_WEAK = YES;
				CLANG_WARN_BLOCK_CAPTURE_AUTORELEASING = YES;
				CLANG_WARN_BOOL_CONVERSION = YES;
				CLANG_WARN_COMMA = YES;
				CLANG_WARN_CONSTANT_CONVERSION = YES;
				CLANG_WARN_DEPRECATED_OBJC_IMPLEMENTATIONS = YES;
				CLANG_WARN_DIRECT_OBJC_ISA_USAGE = YES_ERROR;
				CLANG_WARN_DOCUMENTATION_COMMENTS = YES;
				CLANG_WARN_EMPTY_BODY = YES;
				CLANG_WARN_ENUM_CONVERSION = YES;
				CLANG_WARN_INFINITE_RECURSION = YES;
				CLANG_WARN_INT_CONVERSION = YES;
				CLANG_WARN_NON_LITERAL_NULL_CONVERSION = YES;
				CLANG_WARN_OBJC_IMPLICIT_RETAIN_SELF = YES;
				CLANG_WARN_OBJC_LITERAL_CONVERSION = YES;
				CLANG_WARN_OBJC_ROOT_CLASS = YES_ERROR;
				CLANG_WARN_RANGE_LOOP_ANALYSIS = YES;
				CLANG_WARN_STRICT_PROTOTYPES = YES;
				CLANG_WARN_SUSPICIOUS_MOVE = YES;
				CLANG_WARN_UNGUARDED_AVAILABILITY = YES_AGGRESSIVE;
				CLANG_WARN_UNREACHABLE_CODE = YES;
				CLANG_WARN__DUPLICATE_METHOD_MATCH = YES;
				CODE_SIGN_STYLE = Automatic;
				COMBINE_HIDPI_IMAGES = YES;
				COPY_PHASE_STRIP = NO;
				DEVELOPMENT_TEAM = 7AMWG3RLHN;
				ENABLE_NS_ASSERTIONS = NO;
				ENABLE_STRICT_OBJC_MSGSEND = YES;
				GCC_C_LANGUAGE_STANDARD = gnu11;
				GCC_NO_COMMON_BLOCKS = YES;
				GCC_WARN_64_TO_32_BIT_CONVERSION = YES;
				GCC_WARN_ABOUT_RETURN_TYPE = YES_ERROR;
				GCC_WARN_UNDECLARED_SELECTOR = YES;
				GCC_WARN_UNINITIALIZED_AUTOS = YES_AGGRESSIVE;
				GCC_WARN_UNUSED_FUNCTION = YES;
				GCC_WARN_UNUSED_VARIABLE = YES;
				INFOPLIST_FILE = Tests.plist;
				LD_RUNPATH_SEARCH_PATHS = (
					"$(inherited)",
					"@executable_path/../Frameworks",
					"@loader_path/../Frameworks",
				);
				MTL_ENABLE_DEBUG_INFO = NO;
				MTL_FAST_MATH = YES;
				PRODUCT_BUNDLE_IDENTIFIER = argonaut.Tests;
				PRODUCT_NAME = Tests;
				SDKROOT = macosx;
				SWIFT_COMPILATION_MODE = wholemodule;
			};
			name = Release;
		};
		CEDE10D922D7178A00DD796B /* Debug */ = {
			isa = XCBuildConfiguration;
			buildSettings = {
				ALWAYS_SEARCH_USER_PATHS = NO;
				ASSETCATALOG_COMPILER_APPICON_NAME = AppIcon;
				CLANG_ANALYZER_NONNULL = YES;
				CLANG_ANALYZER_NUMBER_OBJECT_CONVERSION = YES_AGGRESSIVE;
				CLANG_CXX_LANGUAGE_STANDARD = "gnu++14";
				CLANG_CXX_LIBRARY = "libc++";
				CLANG_ENABLE_OBJC_ARC = YES;
				CLANG_ENABLE_OBJC_WEAK = YES;
				CLANG_WARN_BLOCK_CAPTURE_AUTORELEASING = YES;
				CLANG_WARN_BOOL_CONVERSION = YES;
				CLANG_WARN_COMMA = YES;
				CLANG_WARN_CONSTANT_CONVERSION = YES;
				CLANG_WARN_DEPRECATED_OBJC_IMPLEMENTATIONS = YES;
				CLANG_WARN_DIRECT_OBJC_ISA_USAGE = YES_ERROR;
				CLANG_WARN_DOCUMENTATION_COMMENTS = YES;
				CLANG_WARN_EMPTY_BODY = YES;
				CLANG_WARN_ENUM_CONVERSION = YES;
				CLANG_WARN_INFINITE_RECURSION = YES;
				CLANG_WARN_INT_CONVERSION = YES;
				CLANG_WARN_NON_LITERAL_NULL_CONVERSION = YES;
				CLANG_WARN_OBJC_IMPLICIT_RETAIN_SELF = YES;
				CLANG_WARN_OBJC_LITERAL_CONVERSION = YES;
				CLANG_WARN_OBJC_ROOT_CLASS = YES_ERROR;
				CLANG_WARN_RANGE_LOOP_ANALYSIS = YES;
				CLANG_WARN_STRICT_PROTOTYPES = YES;
				CLANG_WARN_SUSPICIOUS_MOVE = YES;
				CLANG_WARN_UNGUARDED_AVAILABILITY = YES_AGGRESSIVE;
				CLANG_WARN_UNREACHABLE_CODE = YES;
				CLANG_WARN__DUPLICATE_METHOD_MATCH = YES;
				CODE_SIGN_ENTITLEMENTS = Mac.entitlements;
				CODE_SIGN_STYLE = Automatic;
				COMBINE_HIDPI_IMAGES = YES;
				COPY_PHASE_STRIP = NO;
				CURRENT_PROJECT_VERSION = 249;
				DEVELOPMENT_TEAM = 7AMWG3RLHN;
				ENABLE_HARDENED_RUNTIME = YES;
				ENABLE_STRICT_OBJC_MSGSEND = YES;
				ENABLE_TESTABILITY = YES;
				GCC_C_LANGUAGE_STANDARD = gnu11;
				GCC_DYNAMIC_NO_PIC = NO;
				GCC_NO_COMMON_BLOCKS = YES;
				GCC_PREPROCESSOR_DEFINITIONS = (
					"DEBUG=1",
					"$(inherited)",
				);
				GCC_WARN_64_TO_32_BIT_CONVERSION = YES;
				GCC_WARN_ABOUT_RETURN_TYPE = YES_ERROR;
				GCC_WARN_UNDECLARED_SELECTOR = YES;
				GCC_WARN_UNINITIALIZED_AUTOS = YES_AGGRESSIVE;
				GCC_WARN_UNUSED_FUNCTION = YES;
				GCC_WARN_UNUSED_VARIABLE = YES;
				INFOPLIST_FILE = Mac.plist;
				LD_RUNPATH_SEARCH_PATHS = (
					"$(inherited)",
					"@executable_path/../Frameworks",
				);
				MARKETING_VERSION = 249;
				MTL_ENABLE_DEBUG_INFO = INCLUDE_SOURCE;
				MTL_FAST_MATH = YES;
				ONLY_ACTIVE_ARCH = YES;
				PRODUCT_BUNDLE_IDENTIFIER = argonaut.mac;
				PRODUCT_MODULE_NAME = ArgonautMac;
				SDKROOT = macosx;
				SWIFT_ACTIVE_COMPILATION_CONDITIONS = DEBUG;
			};
			name = Debug;
		};
		CEDE10DA22D7178A00DD796B /* Release */ = {
			isa = XCBuildConfiguration;
			buildSettings = {
				ALWAYS_SEARCH_USER_PATHS = NO;
				ASSETCATALOG_COMPILER_APPICON_NAME = AppIcon;
				CLANG_ANALYZER_NONNULL = YES;
				CLANG_ANALYZER_NUMBER_OBJECT_CONVERSION = YES_AGGRESSIVE;
				CLANG_CXX_LANGUAGE_STANDARD = "gnu++14";
				CLANG_CXX_LIBRARY = "libc++";
				CLANG_ENABLE_OBJC_ARC = YES;
				CLANG_ENABLE_OBJC_WEAK = YES;
				CLANG_WARN_BLOCK_CAPTURE_AUTORELEASING = YES;
				CLANG_WARN_BOOL_CONVERSION = YES;
				CLANG_WARN_COMMA = YES;
				CLANG_WARN_CONSTANT_CONVERSION = YES;
				CLANG_WARN_DEPRECATED_OBJC_IMPLEMENTATIONS = YES;
				CLANG_WARN_DIRECT_OBJC_ISA_USAGE = YES_ERROR;
				CLANG_WARN_DOCUMENTATION_COMMENTS = YES;
				CLANG_WARN_EMPTY_BODY = YES;
				CLANG_WARN_ENUM_CONVERSION = YES;
				CLANG_WARN_INFINITE_RECURSION = YES;
				CLANG_WARN_INT_CONVERSION = YES;
				CLANG_WARN_NON_LITERAL_NULL_CONVERSION = YES;
				CLANG_WARN_OBJC_IMPLICIT_RETAIN_SELF = YES;
				CLANG_WARN_OBJC_LITERAL_CONVERSION = YES;
				CLANG_WARN_OBJC_ROOT_CLASS = YES_ERROR;
				CLANG_WARN_RANGE_LOOP_ANALYSIS = YES;
				CLANG_WARN_STRICT_PROTOTYPES = YES;
				CLANG_WARN_SUSPICIOUS_MOVE = YES;
				CLANG_WARN_UNGUARDED_AVAILABILITY = YES_AGGRESSIVE;
				CLANG_WARN_UNREACHABLE_CODE = YES;
				CLANG_WARN__DUPLICATE_METHOD_MATCH = YES;
				CODE_SIGN_ENTITLEMENTS = Mac.entitlements;
				CODE_SIGN_STYLE = Automatic;
				COMBINE_HIDPI_IMAGES = YES;
				COPY_PHASE_STRIP = NO;
				CURRENT_PROJECT_VERSION = 249;
				DEVELOPMENT_TEAM = 7AMWG3RLHN;
				ENABLE_HARDENED_RUNTIME = YES;
				ENABLE_NS_ASSERTIONS = NO;
				ENABLE_STRICT_OBJC_MSGSEND = YES;
				GCC_C_LANGUAGE_STANDARD = gnu11;
				GCC_NO_COMMON_BLOCKS = YES;
				GCC_WARN_64_TO_32_BIT_CONVERSION = YES;
				GCC_WARN_ABOUT_RETURN_TYPE = YES_ERROR;
				GCC_WARN_UNDECLARED_SELECTOR = YES;
				GCC_WARN_UNINITIALIZED_AUTOS = YES_AGGRESSIVE;
				GCC_WARN_UNUSED_FUNCTION = YES;
				GCC_WARN_UNUSED_VARIABLE = YES;
				INFOPLIST_FILE = Mac.plist;
				LD_RUNPATH_SEARCH_PATHS = (
					"$(inherited)",
					"@executable_path/../Frameworks",
				);
				MARKETING_VERSION = 249;
				MTL_ENABLE_DEBUG_INFO = NO;
				MTL_FAST_MATH = YES;
				PRODUCT_BUNDLE_IDENTIFIER = argonaut.mac;
				PRODUCT_MODULE_NAME = ArgonautMac;
				SDKROOT = macosx;
			};
			name = Release;
		};
		CEDE10F122D7179E00DD796B /* Debug */ = {
			isa = XCBuildConfiguration;
			buildSettings = {
				ALWAYS_SEARCH_USER_PATHS = NO;
				ASSETCATALOG_COMPILER_APPICON_NAME = AppIcon;
				CLANG_ANALYZER_NONNULL = YES;
				CLANG_ANALYZER_NUMBER_OBJECT_CONVERSION = YES_AGGRESSIVE;
				CLANG_CXX_LANGUAGE_STANDARD = "gnu++14";
				CLANG_CXX_LIBRARY = "libc++";
				CLANG_ENABLE_OBJC_ARC = YES;
				CLANG_ENABLE_OBJC_WEAK = YES;
				CLANG_WARN_BLOCK_CAPTURE_AUTORELEASING = YES;
				CLANG_WARN_BOOL_CONVERSION = YES;
				CLANG_WARN_COMMA = YES;
				CLANG_WARN_CONSTANT_CONVERSION = YES;
				CLANG_WARN_DEPRECATED_OBJC_IMPLEMENTATIONS = YES;
				CLANG_WARN_DIRECT_OBJC_ISA_USAGE = YES_ERROR;
				CLANG_WARN_DOCUMENTATION_COMMENTS = YES;
				CLANG_WARN_EMPTY_BODY = YES;
				CLANG_WARN_ENUM_CONVERSION = YES;
				CLANG_WARN_INFINITE_RECURSION = YES;
				CLANG_WARN_INT_CONVERSION = YES;
				CLANG_WARN_NON_LITERAL_NULL_CONVERSION = YES;
				CLANG_WARN_OBJC_IMPLICIT_RETAIN_SELF = YES;
				CLANG_WARN_OBJC_LITERAL_CONVERSION = YES;
				CLANG_WARN_OBJC_ROOT_CLASS = YES_ERROR;
				CLANG_WARN_RANGE_LOOP_ANALYSIS = YES;
				CLANG_WARN_STRICT_PROTOTYPES = YES;
				CLANG_WARN_SUSPICIOUS_MOVE = YES;
				CLANG_WARN_UNGUARDED_AVAILABILITY = YES_AGGRESSIVE;
				CLANG_WARN_UNREACHABLE_CODE = YES;
				CLANG_WARN__DUPLICATE_METHOD_MATCH = YES;
				CODE_SIGN_STYLE = Automatic;
				COPY_PHASE_STRIP = NO;
				CURRENT_PROJECT_VERSION = 336;
				DEVELOPMENT_TEAM = 7AMWG3RLHN;
				ENABLE_STRICT_OBJC_MSGSEND = YES;
				ENABLE_TESTABILITY = YES;
				GCC_C_LANGUAGE_STANDARD = gnu11;
				GCC_DYNAMIC_NO_PIC = NO;
				GCC_NO_COMMON_BLOCKS = YES;
				GCC_PREPROCESSOR_DEFINITIONS = (
					"DEBUG=1",
					"$(inherited)",
				);
				GCC_WARN_64_TO_32_BIT_CONVERSION = YES;
				GCC_WARN_ABOUT_RETURN_TYPE = YES_ERROR;
				GCC_WARN_UNDECLARED_SELECTOR = YES;
				GCC_WARN_UNINITIALIZED_AUTOS = YES_AGGRESSIVE;
				GCC_WARN_UNUSED_FUNCTION = YES;
				GCC_WARN_UNUSED_VARIABLE = YES;
				INFOPLIST_FILE = iOS.plist;
				LD_RUNPATH_SEARCH_PATHS = (
					"$(inherited)",
					"@executable_path/Frameworks",
				);
				MARKETING_VERSION = 336;
				MTL_ENABLE_DEBUG_INFO = INCLUDE_SOURCE;
				MTL_FAST_MATH = YES;
				ONLY_ACTIVE_ARCH = YES;
				PRODUCT_BUNDLE_IDENTIFIER = iturbide.Argonaut;
				PRODUCT_MODULE_NAME = ArgonautiOS;
				SDKROOT = iphoneos;
				SWIFT_ACTIVE_COMPILATION_CONDITIONS = DEBUG;
				TARGETED_DEVICE_FAMILY = "1,2";
			};
			name = Debug;
		};
		CEDE10F222D7179E00DD796B /* Release */ = {
			isa = XCBuildConfiguration;
			buildSettings = {
				ALWAYS_SEARCH_USER_PATHS = NO;
				ASSETCATALOG_COMPILER_APPICON_NAME = AppIcon;
				CLANG_ANALYZER_NONNULL = YES;
				CLANG_ANALYZER_NUMBER_OBJECT_CONVERSION = YES_AGGRESSIVE;
				CLANG_CXX_LANGUAGE_STANDARD = "gnu++14";
				CLANG_CXX_LIBRARY = "libc++";
				CLANG_ENABLE_OBJC_ARC = YES;
				CLANG_ENABLE_OBJC_WEAK = YES;
				CLANG_WARN_BLOCK_CAPTURE_AUTORELEASING = YES;
				CLANG_WARN_BOOL_CONVERSION = YES;
				CLANG_WARN_COMMA = YES;
				CLANG_WARN_CONSTANT_CONVERSION = YES;
				CLANG_WARN_DEPRECATED_OBJC_IMPLEMENTATIONS = YES;
				CLANG_WARN_DIRECT_OBJC_ISA_USAGE = YES_ERROR;
				CLANG_WARN_DOCUMENTATION_COMMENTS = YES;
				CLANG_WARN_EMPTY_BODY = YES;
				CLANG_WARN_ENUM_CONVERSION = YES;
				CLANG_WARN_INFINITE_RECURSION = YES;
				CLANG_WARN_INT_CONVERSION = YES;
				CLANG_WARN_NON_LITERAL_NULL_CONVERSION = YES;
				CLANG_WARN_OBJC_IMPLICIT_RETAIN_SELF = YES;
				CLANG_WARN_OBJC_LITERAL_CONVERSION = YES;
				CLANG_WARN_OBJC_ROOT_CLASS = YES_ERROR;
				CLANG_WARN_RANGE_LOOP_ANALYSIS = YES;
				CLANG_WARN_STRICT_PROTOTYPES = YES;
				CLANG_WARN_SUSPICIOUS_MOVE = YES;
				CLANG_WARN_UNGUARDED_AVAILABILITY = YES_AGGRESSIVE;
				CLANG_WARN_UNREACHABLE_CODE = YES;
				CLANG_WARN__DUPLICATE_METHOD_MATCH = YES;
				CODE_SIGN_STYLE = Automatic;
				COPY_PHASE_STRIP = NO;
				CURRENT_PROJECT_VERSION = 336;
				DEVELOPMENT_TEAM = 7AMWG3RLHN;
				ENABLE_NS_ASSERTIONS = NO;
				ENABLE_STRICT_OBJC_MSGSEND = YES;
				GCC_C_LANGUAGE_STANDARD = gnu11;
				GCC_NO_COMMON_BLOCKS = YES;
				GCC_WARN_64_TO_32_BIT_CONVERSION = YES;
				GCC_WARN_ABOUT_RETURN_TYPE = YES_ERROR;
				GCC_WARN_UNDECLARED_SELECTOR = YES;
				GCC_WARN_UNINITIALIZED_AUTOS = YES_AGGRESSIVE;
				GCC_WARN_UNUSED_FUNCTION = YES;
				GCC_WARN_UNUSED_VARIABLE = YES;
				INFOPLIST_FILE = iOS.plist;
				LD_RUNPATH_SEARCH_PATHS = (
					"$(inherited)",
					"@executable_path/Frameworks",
				);
				MARKETING_VERSION = 336;
				MTL_ENABLE_DEBUG_INFO = NO;
				MTL_FAST_MATH = YES;
				PRODUCT_BUNDLE_IDENTIFIER = iturbide.Argonaut;
				PRODUCT_MODULE_NAME = ArgonautiOS;
				SDKROOT = iphoneos;
				TARGETED_DEVICE_FAMILY = "1,2";
				VALIDATE_PRODUCT = YES;
			};
			name = Release;
		};
/* End XCBuildConfiguration section */

/* Begin XCConfigurationList section */
		CEDE109C22D714E100DD796B /* Build configuration list for PBXProject "Argonaut" */ = {
			isa = XCConfigurationList;
			buildConfigurations = (
				CEDE109D22D714E100DD796B /* Debug */,
				CEDE109E22D714E100DD796B /* Release */,
			);
			defaultConfigurationIsVisible = 0;
			defaultConfigurationName = Release;
		};
		CEDE10AA22D7172100DD796B /* Build configuration list for PBXNativeTarget "Mac" */ = {
			isa = XCConfigurationList;
			buildConfigurations = (
				CEDE10AB22D7172100DD796B /* Debug */,
				CEDE10AC22D7172100DD796B /* Release */,
			);
			defaultConfigurationIsVisible = 0;
			defaultConfigurationName = Release;
		};
		CEDE10B522D7175500DD796B /* Build configuration list for PBXNativeTarget "iOS" */ = {
			isa = XCConfigurationList;
			buildConfigurations = (
				CEDE10B622D7175500DD796B /* Debug */,
				CEDE10B722D7175500DD796B /* Release */,
			);
			defaultConfigurationIsVisible = 0;
			defaultConfigurationName = Release;
		};
		CEDE10C422D7176F00DD796B /* Build configuration list for PBXNativeTarget "Tests" */ = {
			isa = XCConfigurationList;
			buildConfigurations = (
				CEDE10C522D7176F00DD796B /* Debug */,
				CEDE10C622D7176F00DD796B /* Release */,
			);
			defaultConfigurationIsVisible = 0;
			defaultConfigurationName = Release;
		};
		CEDE10D822D7178A00DD796B /* Build configuration list for PBXNativeTarget "MacApp" */ = {
			isa = XCConfigurationList;
			buildConfigurations = (
				CEDE10D922D7178A00DD796B /* Debug */,
				CEDE10DA22D7178A00DD796B /* Release */,
			);
			defaultConfigurationIsVisible = 0;
			defaultConfigurationName = Release;
		};
		CEDE10F022D7179E00DD796B /* Build configuration list for PBXNativeTarget "iOSApp" */ = {
			isa = XCConfigurationList;
			buildConfigurations = (
				CEDE10F122D7179E00DD796B /* Debug */,
				CEDE10F222D7179E00DD796B /* Release */,
			);
			defaultConfigurationIsVisible = 0;
			defaultConfigurationName = Release;
		};
/* End XCConfigurationList section */
	};
	rootObject = CEDE109922D714E100DD796B /* Project object */;
}
